// !$*UTF8*$!
{
	archiveVersion = 1;
	classes = {
	};
	objectVersion = 56;
	objects = {

/* Begin PBXBuildFile section */
		3FB234EE2C13BB5A00E2AAF1 /* ShoppingAppApp.swift in Sources */ = {isa = PBXBuildFile; fileRef = 3FB234ED2C13BB5A00E2AAF1 /* ShoppingAppApp.swift */; };
		3FB234F32C13BB5A00E2AAF1 /* ShoppingApp.xcdatamodeld in Sources */ = {isa = PBXBuildFile; fileRef = 3FB234F12C13BB5A00E2AAF1 /* ShoppingApp.xcdatamodeld */; };
		3FB234F52C13BB5A00E2AAF1 /* ProductsView.swift in Sources */ = {isa = PBXBuildFile; fileRef = 3FB234F42C13BB5A00E2AAF1 /* ProductsView.swift */; };
		3FB234F72C13BB5B00E2AAF1 /* Assets.xcassets in Resources */ = {isa = PBXBuildFile; fileRef = 3FB234F62C13BB5B00E2AAF1 /* Assets.xcassets */; };
		3FB234FB2C13BB5B00E2AAF1 /* Preview Assets.xcassets in Resources */ = {isa = PBXBuildFile; fileRef = 3FB234FA2C13BB5B00E2AAF1 /* Preview Assets.xcassets */; };
		3FB235052C13BB5C00E2AAF1 /* ShoppingAppTests.swift in Sources */ = {isa = PBXBuildFile; fileRef = 3FB235042C13BB5C00E2AAF1 /* ShoppingAppTests.swift */; };
		3FB2350F2C13BB5C00E2AAF1 /* ShoppingAppUITests.swift in Sources */ = {isa = PBXBuildFile; fileRef = 3FB2350E2C13BB5C00E2AAF1 /* ShoppingAppUITests.swift */; };
		3FB235112C13BB5C00E2AAF1 /* ShoppingAppUITestsLaunchTests.swift in Sources */ = {isa = PBXBuildFile; fileRef = 3FB235102C13BB5C00E2AAF1 /* ShoppingAppUITestsLaunchTests.swift */; };
		3FB235232C15F54300E2AAF1 /* ShoppingService.swift in Sources */ = {isa = PBXBuildFile; fileRef = 3FB235222C15F54300E2AAF1 /* ShoppingService.swift */; };
		3FB235292C16093D00E2AAF1 /* Product.swift in Sources */ = {isa = PBXBuildFile; fileRef = 3FB235282C16093D00E2AAF1 /* Product.swift */; };
		3FB2352C2C1626BC00E2AAF1 /* constants.swift in Sources */ = {isa = PBXBuildFile; fileRef = 3FB2352B2C1626BC00E2AAF1 /* constants.swift */; };
/* End PBXBuildFile section */

/* Begin PBXContainerItemProxy section */
		3FB235012C13BB5C00E2AAF1 /* PBXContainerItemProxy */ = {
			isa = PBXContainerItemProxy;
			containerPortal = 3FB234E22C13BB5A00E2AAF1 /* Project object */;
			proxyType = 1;
			remoteGlobalIDString = 3FB234E92C13BB5A00E2AAF1;
			remoteInfo = ShoppingApp;
		};
		3FB2350B2C13BB5C00E2AAF1 /* PBXContainerItemProxy */ = {
			isa = PBXContainerItemProxy;
			containerPortal = 3FB234E22C13BB5A00E2AAF1 /* Project object */;
			proxyType = 1;
			remoteGlobalIDString = 3FB234E92C13BB5A00E2AAF1;
			remoteInfo = ShoppingApp;
		};
/* End PBXContainerItemProxy section */

/* Begin PBXFileReference section */
		3FB234EA2C13BB5A00E2AAF1 /* ShoppingApp.app */ = {isa = PBXFileReference; explicitFileType = wrapper.application; includeInIndex = 0; path = ShoppingApp.app; sourceTree = BUILT_PRODUCTS_DIR; };
		3FB234ED2C13BB5A00E2AAF1 /* ShoppingAppApp.swift */ = {isa = PBXFileReference; lastKnownFileType = sourcecode.swift; path = ShoppingAppApp.swift; sourceTree = "<group>"; };
		3FB234F22C13BB5A00E2AAF1 /* ShoppingApp.xcdatamodel */ = {isa = PBXFileReference; lastKnownFileType = wrapper.xcdatamodel; path = ShoppingApp.xcdatamodel; sourceTree = "<group>"; };
		3FB234F42C13BB5A00E2AAF1 /* ProductsView.swift */ = {isa = PBXFileReference; lastKnownFileType = sourcecode.swift; path = ProductsView.swift; sourceTree = "<group>"; };
		3FB234F62C13BB5B00E2AAF1 /* Assets.xcassets */ = {isa = PBXFileReference; lastKnownFileType = folder.assetcatalog; path = Assets.xcassets; sourceTree = "<group>"; };
		3FB234F82C13BB5B00E2AAF1 /* ShoppingApp.entitlements */ = {isa = PBXFileReference; lastKnownFileType = text.plist.entitlements; path = ShoppingApp.entitlements; sourceTree = "<group>"; };
		3FB234FA2C13BB5B00E2AAF1 /* Preview Assets.xcassets */ = {isa = PBXFileReference; lastKnownFileType = folder.assetcatalog; path = "Preview Assets.xcassets"; sourceTree = "<group>"; };
		3FB235002C13BB5C00E2AAF1 /* ShoppingAppTests.xctest */ = {isa = PBXFileReference; explicitFileType = wrapper.cfbundle; includeInIndex = 0; path = ShoppingAppTests.xctest; sourceTree = BUILT_PRODUCTS_DIR; };
		3FB235042C13BB5C00E2AAF1 /* ShoppingAppTests.swift */ = {isa = PBXFileReference; lastKnownFileType = sourcecode.swift; path = ShoppingAppTests.swift; sourceTree = "<group>"; };
		3FB2350A2C13BB5C00E2AAF1 /* ShoppingAppUITests.xctest */ = {isa = PBXFileReference; explicitFileType = wrapper.cfbundle; includeInIndex = 0; path = ShoppingAppUITests.xctest; sourceTree = BUILT_PRODUCTS_DIR; };
		3FB2350E2C13BB5C00E2AAF1 /* ShoppingAppUITests.swift */ = {isa = PBXFileReference; lastKnownFileType = sourcecode.swift; path = ShoppingAppUITests.swift; sourceTree = "<group>"; };
		3FB235102C13BB5C00E2AAF1 /* ShoppingAppUITestsLaunchTests.swift */ = {isa = PBXFileReference; lastKnownFileType = sourcecode.swift; path = ShoppingAppUITestsLaunchTests.swift; sourceTree = "<group>"; };
		3FB235222C15F54300E2AAF1 /* ShoppingService.swift */ = {isa = PBXFileReference; lastKnownFileType = sourcecode.swift; path = ShoppingService.swift; sourceTree = "<group>"; };
		3FB235282C16093D00E2AAF1 /* Product.swift */ = {isa = PBXFileReference; lastKnownFileType = sourcecode.swift; path = Product.swift; sourceTree = "<group>"; };
		3FB2352B2C1626BC00E2AAF1 /* constants.swift */ = {isa = PBXFileReference; lastKnownFileType = sourcecode.swift; path = constants.swift; sourceTree = "<group>"; };
/* End PBXFileReference section */

/* Begin PBXFrameworksBuildPhase section */
		3FB234E72C13BB5A00E2AAF1 /* Frameworks */ = {
			isa = PBXFrameworksBuildPhase;
			buildActionMask = 2147483647;
			files = (
			);
			runOnlyForDeploymentPostprocessing = 0;
		};
		3FB234FD2C13BB5C00E2AAF1 /* Frameworks */ = {
			isa = PBXFrameworksBuildPhase;
			buildActionMask = 2147483647;
			files = (
			);
			runOnlyForDeploymentPostprocessing = 0;
		};
		3FB235072C13BB5C00E2AAF1 /* Frameworks */ = {
			isa = PBXFrameworksBuildPhase;
			buildActionMask = 2147483647;
			files = (
			);
			runOnlyForDeploymentPostprocessing = 0;
		};
/* End PBXFrameworksBuildPhase section */

/* Begin PBXGroup section */
		3FB234E12C13BB5A00E2AAF1 = {
			isa = PBXGroup;
			children = (
				3FB234EC2C13BB5A00E2AAF1 /* ShoppingApp */,
				3FB235032C13BB5C00E2AAF1 /* ShoppingAppTests */,
				3FB2350D2C13BB5C00E2AAF1 /* ShoppingAppUITests */,
				3FB234EB2C13BB5A00E2AAF1 /* Products */,
			);
			sourceTree = "<group>";
		};
		3FB234EB2C13BB5A00E2AAF1 /* Products */ = {
			isa = PBXGroup;
			children = (
				3FB234EA2C13BB5A00E2AAF1 /* ShoppingApp.app */,
				3FB235002C13BB5C00E2AAF1 /* ShoppingAppTests.xctest */,
				3FB2350A2C13BB5C00E2AAF1 /* ShoppingAppUITests.xctest */,
			);
			name = Products;
			sourceTree = "<group>";
		};
		3FB234EC2C13BB5A00E2AAF1 /* ShoppingApp */ = {
			isa = PBXGroup;
			children = (
				3FDA48872C166A1C00EA4A1D /* views */,
				3FB2352A2C1626AD00E2AAF1 /* config */,
				3FB235272C16093300E2AAF1 /* types */,
				3FB235212C15F53700E2AAF1 /* services */,
				3FB234ED2C13BB5A00E2AAF1 /* ShoppingAppApp.swift */,
				3FB234F62C13BB5B00E2AAF1 /* Assets.xcassets */,
				3FB234F82C13BB5B00E2AAF1 /* ShoppingApp.entitlements */,
				3FB234F12C13BB5A00E2AAF1 /* ShoppingApp.xcdatamodeld */,
				3FB234F92C13BB5B00E2AAF1 /* Preview Content */,
			);
			path = ShoppingApp;
			sourceTree = "<group>";
		};
		3FB234F92C13BB5B00E2AAF1 /* Preview Content */ = {
			isa = PBXGroup;
			children = (
				3FB234FA2C13BB5B00E2AAF1 /* Preview Assets.xcassets */,
			);
			path = "Preview Content";
			sourceTree = "<group>";
		};
		3FB235032C13BB5C00E2AAF1 /* ShoppingAppTests */ = {
			isa = PBXGroup;
			children = (
				3FB235042C13BB5C00E2AAF1 /* ShoppingAppTests.swift */,
			);
			path = ShoppingAppTests;
			sourceTree = "<group>";
		};
		3FB2350D2C13BB5C00E2AAF1 /* ShoppingAppUITests */ = {
			isa = PBXGroup;
			children = (
				3FB2350E2C13BB5C00E2AAF1 /* ShoppingAppUITests.swift */,
				3FB235102C13BB5C00E2AAF1 /* ShoppingAppUITestsLaunchTests.swift */,
			);
			path = ShoppingAppUITests;
			sourceTree = "<group>";
		};
		3FB235212C15F53700E2AAF1 /* services */ = {
			isa = PBXGroup;
			children = (
				3FB235222C15F54300E2AAF1 /* ShoppingService.swift */,
			);
			path = services;
			sourceTree = "<group>";
		};
		3FB235272C16093300E2AAF1 /* types */ = {
			isa = PBXGroup;
			children = (
				3FB235282C16093D00E2AAF1 /* Product.swift */,
			);
			path = types;
			sourceTree = "<group>";
		};
		3FB2352A2C1626AD00E2AAF1 /* config */ = {
			isa = PBXGroup;
			children = (
				3FB2352B2C1626BC00E2AAF1 /* constants.swift */,
			);
			path = config;
			sourceTree = "<group>";
		};
		3FDA48872C166A1C00EA4A1D /* views */ = {
			isa = PBXGroup;
			children = (
				3FB234F42C13BB5A00E2AAF1 /* ProductsView.swift */,
			);
			path = views;
			sourceTree = "<group>";
		};
/* End PBXGroup section */

/* Begin PBXNativeTarget section */
		3FB234E92C13BB5A00E2AAF1 /* ShoppingApp */ = {
			isa = PBXNativeTarget;
			buildConfigurationList = 3FB235142C13BB5C00E2AAF1 /* Build configuration list for PBXNativeTarget "ShoppingApp" */;
			buildPhases = (
				3FB234E62C13BB5A00E2AAF1 /* Sources */,
				3FB234E72C13BB5A00E2AAF1 /* Frameworks */,
				3FB234E82C13BB5A00E2AAF1 /* Resources */,
			);
			buildRules = (
			);
			dependencies = (
			);
			name = ShoppingApp;
			productName = ShoppingApp;
			productReference = 3FB234EA2C13BB5A00E2AAF1 /* ShoppingApp.app */;
			productType = "com.apple.product-type.application";
		};
		3FB234FF2C13BB5C00E2AAF1 /* ShoppingAppTests */ = {
			isa = PBXNativeTarget;
			buildConfigurationList = 3FB235172C13BB5C00E2AAF1 /* Build configuration list for PBXNativeTarget "ShoppingAppTests" */;
			buildPhases = (
				3FB234FC2C13BB5C00E2AAF1 /* Sources */,
				3FB234FD2C13BB5C00E2AAF1 /* Frameworks */,
				3FB234FE2C13BB5C00E2AAF1 /* Resources */,
			);
			buildRules = (
			);
			dependencies = (
				3FB235022C13BB5C00E2AAF1 /* PBXTargetDependency */,
			);
			name = ShoppingAppTests;
			productName = ShoppingAppTests;
			productReference = 3FB235002C13BB5C00E2AAF1 /* ShoppingAppTests.xctest */;
			productType = "com.apple.product-type.bundle.unit-test";
		};
		3FB235092C13BB5C00E2AAF1 /* ShoppingAppUITests */ = {
			isa = PBXNativeTarget;
			buildConfigurationList = 3FB2351A2C13BB5C00E2AAF1 /* Build configuration list for PBXNativeTarget "ShoppingAppUITests" */;
			buildPhases = (
				3FB235062C13BB5C00E2AAF1 /* Sources */,
				3FB235072C13BB5C00E2AAF1 /* Frameworks */,
				3FB235082C13BB5C00E2AAF1 /* Resources */,
			);
			buildRules = (
			);
			dependencies = (
				3FB2350C2C13BB5C00E2AAF1 /* PBXTargetDependency */,
			);
			name = ShoppingAppUITests;
			productName = ShoppingAppUITests;
			productReference = 3FB2350A2C13BB5C00E2AAF1 /* ShoppingAppUITests.xctest */;
			productType = "com.apple.product-type.bundle.ui-testing";
		};
/* End PBXNativeTarget section */

/* Begin PBXProject section */
		3FB234E22C13BB5A00E2AAF1 /* Project object */ = {
			isa = PBXProject;
			attributes = {
				BuildIndependentTargetsInParallel = 1;
				LastSwiftUpdateCheck = 1520;
				LastUpgradeCheck = 1520;
				TargetAttributes = {
					3FB234E92C13BB5A00E2AAF1 = {
						CreatedOnToolsVersion = 15.2;
					};
					3FB234FF2C13BB5C00E2AAF1 = {
						CreatedOnToolsVersion = 15.2;
						TestTargetID = 3FB234E92C13BB5A00E2AAF1;
					};
					3FB235092C13BB5C00E2AAF1 = {
						CreatedOnToolsVersion = 15.2;
						TestTargetID = 3FB234E92C13BB5A00E2AAF1;
					};
				};
			};
			buildConfigurationList = 3FB234E52C13BB5A00E2AAF1 /* Build configuration list for PBXProject "ShoppingApp" */;
			compatibilityVersion = "Xcode 14.0";
			developmentRegion = en;
			hasScannedForEncodings = 0;
			knownRegions = (
				en,
				Base,
			);
			mainGroup = 3FB234E12C13BB5A00E2AAF1;
			productRefGroup = 3FB234EB2C13BB5A00E2AAF1 /* Products */;
			projectDirPath = "";
			projectRoot = "";
			targets = (
				3FB234E92C13BB5A00E2AAF1 /* ShoppingApp */,
				3FB234FF2C13BB5C00E2AAF1 /* ShoppingAppTests */,
				3FB235092C13BB5C00E2AAF1 /* ShoppingAppUITests */,
			);
		};
/* End PBXProject section */

/* Begin PBXResourcesBuildPhase section */
		3FB234E82C13BB5A00E2AAF1 /* Resources */ = {
			isa = PBXResourcesBuildPhase;
			buildActionMask = 2147483647;
			files = (
				3FB234FB2C13BB5B00E2AAF1 /* Preview Assets.xcassets in Resources */,
				3FB234F72C13BB5B00E2AAF1 /* Assets.xcassets in Resources */,
			);
			runOnlyForDeploymentPostprocessing = 0;
		};
		3FB234FE2C13BB5C00E2AAF1 /* Resources */ = {
			isa = PBXResourcesBuildPhase;
			buildActionMask = 2147483647;
			files = (
			);
			runOnlyForDeploymentPostprocessing = 0;
		};
		3FB235082C13BB5C00E2AAF1 /* Resources */ = {
			isa = PBXResourcesBuildPhase;
			buildActionMask = 2147483647;
			files = (
			);
			runOnlyForDeploymentPostprocessing = 0;
		};
/* End PBXResourcesBuildPhase section */

/* Begin PBXSourcesBuildPhase section */
		3FB234E62C13BB5A00E2AAF1 /* Sources */ = {
			isa = PBXSourcesBuildPhase;
			buildActionMask = 2147483647;
			files = (
				3FB234EE2C13BB5A00E2AAF1 /* ShoppingAppApp.swift in Sources */,
				3FB234F32C13BB5A00E2AAF1 /* ShoppingApp.xcdatamodeld in Sources */,
				3FB234F52C13BB5A00E2AAF1 /* ProductsView.swift in Sources */,
				3FB2352C2C1626BC00E2AAF1 /* constants.swift in Sources */,
				3FB235232C15F54300E2AAF1 /* ShoppingService.swift in Sources */,
				3FB235292C16093D00E2AAF1 /* Product.swift in Sources */,
			);
			runOnlyForDeploymentPostprocessing = 0;
		};
		3FB234FC2C13BB5C00E2AAF1 /* Sources */ = {
			isa = PBXSourcesBuildPhase;
			buildActionMask = 2147483647;
			files = (
				3FB235052C13BB5C00E2AAF1 /* ShoppingAppTests.swift in Sources */,
			);
			runOnlyForDeploymentPostprocessing = 0;
		};
		3FB235062C13BB5C00E2AAF1 /* Sources */ = {
			isa = PBXSourcesBuildPhase;
			buildActionMask = 2147483647;
			files = (
				3FB235112C13BB5C00E2AAF1 /* ShoppingAppUITestsLaunchTests.swift in Sources */,
				3FB2350F2C13BB5C00E2AAF1 /* ShoppingAppUITests.swift in Sources */,
			);
			runOnlyForDeploymentPostprocessing = 0;
		};
/* End PBXSourcesBuildPhase section */

/* Begin PBXTargetDependency section */
		3FB235022C13BB5C00E2AAF1 /* PBXTargetDependency */ = {
			isa = PBXTargetDependency;
			target = 3FB234E92C13BB5A00E2AAF1 /* ShoppingApp */;
			targetProxy = 3FB235012C13BB5C00E2AAF1 /* PBXContainerItemProxy */;
		};
		3FB2350C2C13BB5C00E2AAF1 /* PBXTargetDependency */ = {
			isa = PBXTargetDependency;
			target = 3FB234E92C13BB5A00E2AAF1 /* ShoppingApp */;
			targetProxy = 3FB2350B2C13BB5C00E2AAF1 /* PBXContainerItemProxy */;
		};
/* End PBXTargetDependency section */

/* Begin XCBuildConfiguration section */
		3FB235122C13BB5C00E2AAF1 /* Debug */ = {
			isa = XCBuildConfiguration;
			buildSettings = {
				ALWAYS_SEARCH_USER_PATHS = NO;
				ASSETCATALOG_COMPILER_GENERATE_SWIFT_ASSET_SYMBOL_EXTENSIONS = YES;
				CLANG_ANALYZER_NONNULL = YES;
				CLANG_ANALYZER_NUMBER_OBJECT_CONVERSION = YES_AGGRESSIVE;
				CLANG_CXX_LANGUAGE_STANDARD = "gnu++20";
				CLANG_ENABLE_MODULES = YES;
				CLANG_ENABLE_OBJC_ARC = YES;
				CLANG_ENABLE_OBJC_WEAK = YES;
				CLANG_WARN_BLOCK_CAPTURE_AUTORELEASING = YES;
				CLANG_WARN_BOOL_CONVERSION = YES;
				CLANG_WARN_COMMA = YES;
				CLANG_WARN_CONSTANT_CONVERSION = YES;
				CLANG_WARN_DEPRECATED_OBJC_IMPLEMENTATIONS = YES;
				CLANG_WARN_DIRECT_OBJC_ISA_USAGE = YES_ERROR;
				CLANG_WARN_DOCUMENTATION_COMMENTS = YES;
				CLANG_WARN_EMPTY_BODY = YES;
				CLANG_WARN_ENUM_CONVERSION = YES;
				CLANG_WARN_INFINITE_RECURSION = YES;
				CLANG_WARN_INT_CONVERSION = YES;
				CLANG_WARN_NON_LITERAL_NULL_CONVERSION = YES;
				CLANG_WARN_OBJC_IMPLICIT_RETAIN_SELF = YES;
				CLANG_WARN_OBJC_LITERAL_CONVERSION = YES;
				CLANG_WARN_OBJC_ROOT_CLASS = YES_ERROR;
				CLANG_WARN_QUOTED_INCLUDE_IN_FRAMEWORK_HEADER = YES;
				CLANG_WARN_RANGE_LOOP_ANALYSIS = YES;
				CLANG_WARN_STRICT_PROTOTYPES = YES;
				CLANG_WARN_SUSPICIOUS_MOVE = YES;
				CLANG_WARN_UNGUARDED_AVAILABILITY = YES_AGGRESSIVE;
				CLANG_WARN_UNREACHABLE_CODE = YES;
				CLANG_WARN__DUPLICATE_METHOD_MATCH = YES;
				COPY_PHASE_STRIP = NO;
				DEBUG_INFORMATION_FORMAT = dwarf;
				ENABLE_STRICT_OBJC_MSGSEND = YES;
				ENABLE_TESTABILITY = YES;
				ENABLE_USER_SCRIPT_SANDBOXING = YES;
				GCC_C_LANGUAGE_STANDARD = gnu17;
				GCC_DYNAMIC_NO_PIC = NO;
				GCC_NO_COMMON_BLOCKS = YES;
				GCC_OPTIMIZATION_LEVEL = 0;
				GCC_PREPROCESSOR_DEFINITIONS = (
					"DEBUG=1",
					"$(inherited)",
				);
				GCC_WARN_64_TO_32_BIT_CONVERSION = YES;
				GCC_WARN_ABOUT_RETURN_TYPE = YES_ERROR;
				GCC_WARN_UNDECLARED_SELECTOR = YES;
				GCC_WARN_UNINITIALIZED_AUTOS = YES_AGGRESSIVE;
				GCC_WARN_UNUSED_FUNCTION = YES;
				GCC_WARN_UNUSED_VARIABLE = YES;
				LOCALIZATION_PREFERS_STRING_CATALOGS = YES;
				MTL_ENABLE_DEBUG_INFO = INCLUDE_SOURCE;
				MTL_FAST_MATH = YES;
				ONLY_ACTIVE_ARCH = YES;
				SWIFT_ACTIVE_COMPILATION_CONDITIONS = "DEBUG $(inherited)";
				SWIFT_OPTIMIZATION_LEVEL = "-Onone";
			};
			name = Debug;
		};
		3FB235132C13BB5C00E2AAF1 /* Release */ = {
			isa = XCBuildConfiguration;
			buildSettings = {
				ALWAYS_SEARCH_USER_PATHS = NO;
				ASSETCATALOG_COMPILER_GENERATE_SWIFT_ASSET_SYMBOL_EXTENSIONS = YES;
				CLANG_ANALYZER_NONNULL = YES;
				CLANG_ANALYZER_NUMBER_OBJECT_CONVERSION = YES_AGGRESSIVE;
				CLANG_CXX_LANGUAGE_STANDARD = "gnu++20";
				CLANG_ENABLE_MODULES = YES;
				CLANG_ENABLE_OBJC_ARC = YES;
				CLANG_ENABLE_OBJC_WEAK = YES;
				CLANG_WARN_BLOCK_CAPTURE_AUTORELEASING = YES;
				CLANG_WARN_BOOL_CONVERSION = YES;
				CLANG_WARN_COMMA = YES;
				CLANG_WARN_CONSTANT_CONVERSION = YES;
				CLANG_WARN_DEPRECATED_OBJC_IMPLEMENTATIONS = YES;
				CLANG_WARN_DIRECT_OBJC_ISA_USAGE = YES_ERROR;
				CLANG_WARN_DOCUMENTATION_COMMENTS = YES;
				CLANG_WARN_EMPTY_BODY = YES;
				CLANG_WARN_ENUM_CONVERSION = YES;
				CLANG_WARN_INFINITE_RECURSION = YES;
				CLANG_WARN_INT_CONVERSION = YES;
				CLANG_WARN_NON_LITERAL_NULL_CONVERSION = YES;
				CLANG_WARN_OBJC_IMPLICIT_RETAIN_SELF = YES;
				CLANG_WARN_OBJC_LITERAL_CONVERSION = YES;
				CLANG_WARN_OBJC_ROOT_CLASS = YES_ERROR;
				CLANG_WARN_QUOTED_INCLUDE_IN_FRAMEWORK_HEADER = YES;
				CLANG_WARN_RANGE_LOOP_ANALYSIS = YES;
				CLANG_WARN_STRICT_PROTOTYPES = YES;
				CLANG_WARN_SUSPICIOUS_MOVE = YES;
				CLANG_WARN_UNGUARDED_AVAILABILITY = YES_AGGRESSIVE;
				CLANG_WARN_UNREACHABLE_CODE = YES;
				CLANG_WARN__DUPLICATE_METHOD_MATCH = YES;
				COPY_PHASE_STRIP = NO;
				DEBUG_INFORMATION_FORMAT = "dwarf-with-dsym";
				ENABLE_NS_ASSERTIONS = NO;
				ENABLE_STRICT_OBJC_MSGSEND = YES;
				ENABLE_USER_SCRIPT_SANDBOXING = YES;
				GCC_C_LANGUAGE_STANDARD = gnu17;
				GCC_NO_COMMON_BLOCKS = YES;
				GCC_WARN_64_TO_32_BIT_CONVERSION = YES;
				GCC_WARN_ABOUT_RETURN_TYPE = YES_ERROR;
				GCC_WARN_UNDECLARED_SELECTOR = YES;
				GCC_WARN_UNINITIALIZED_AUTOS = YES_AGGRESSIVE;
				GCC_WARN_UNUSED_FUNCTION = YES;
				GCC_WARN_UNUSED_VARIABLE = YES;
				LOCALIZATION_PREFERS_STRING_CATALOGS = YES;
				MTL_ENABLE_DEBUG_INFO = NO;
				MTL_FAST_MATH = YES;
				SWIFT_COMPILATION_MODE = wholemodule;
			};
			name = Release;
		};
		3FB235152C13BB5C00E2AAF1 /* Debug */ = {
			isa = XCBuildConfiguration;
			buildSettings = {
				ASSETCATALOG_COMPILER_APPICON_NAME = AppIcon;
				ASSETCATALOG_COMPILER_GLOBAL_ACCENT_COLOR_NAME = AccentColor;
				CODE_SIGN_ENTITLEMENTS = ShoppingApp/ShoppingApp.entitlements;
				CODE_SIGN_STYLE = Automatic;
				CURRENT_PROJECT_VERSION = 1;
				DEVELOPMENT_ASSET_PATHS = "\"ShoppingApp/Preview Content\"";
				DEVELOPMENT_TEAM = "";
				ENABLE_HARDENED_RUNTIME = YES;
				ENABLE_PREVIEWS = YES;
				GENERATE_INFOPLIST_FILE = YES;
				"INFOPLIST_KEY_UIApplicationSceneManifest_Generation[sdk=iphoneos*]" = YES;
				"INFOPLIST_KEY_UIApplicationSceneManifest_Generation[sdk=iphonesimulator*]" = YES;
				"INFOPLIST_KEY_UIApplicationSupportsIndirectInputEvents[sdk=iphoneos*]" = YES;
				"INFOPLIST_KEY_UIApplicationSupportsIndirectInputEvents[sdk=iphonesimulator*]" = YES;
				"INFOPLIST_KEY_UILaunchScreen_Generation[sdk=iphoneos*]" = YES;
				"INFOPLIST_KEY_UILaunchScreen_Generation[sdk=iphonesimulator*]" = YES;
				"INFOPLIST_KEY_UIStatusBarStyle[sdk=iphoneos*]" = UIStatusBarStyleDefault;
				"INFOPLIST_KEY_UIStatusBarStyle[sdk=iphonesimulator*]" = UIStatusBarStyleDefault;
				INFOPLIST_KEY_UISupportedInterfaceOrientations_iPad = "UIInterfaceOrientationPortrait UIInterfaceOrientationPortraitUpsideDown UIInterfaceOrientationLandscapeLeft UIInterfaceOrientationLandscapeRight";
				INFOPLIST_KEY_UISupportedInterfaceOrientations_iPhone = "UIInterfaceOrientationPortrait UIInterfaceOrientationLandscapeLeft UIInterfaceOrientationLandscapeRight";
				IPHONEOS_DEPLOYMENT_TARGET = 17.2;
				LD_RUNPATH_SEARCH_PATHS = "@executable_path/Frameworks";
				"LD_RUNPATH_SEARCH_PATHS[sdk=macosx*]" = "@executable_path/../Frameworks";
				MACOSX_DEPLOYMENT_TARGET = 14.2;
				MARKETING_VERSION = 1.0;
				PRODUCT_BUNDLE_IDENTIFIER = ml.ShoppingApp;
				PRODUCT_NAME = "$(TARGET_NAME)";
				SDKROOT = auto;
				SUPPORTED_PLATFORMS = "iphoneos iphonesimulator macosx";
				SWIFT_EMIT_LOC_STRINGS = YES;
				SWIFT_VERSION = 5.0;
				TARGETED_DEVICE_FAMILY = "1,2";
			};
			name = Debug;
		};
		3FB235162C13BB5C00E2AAF1 /* Release */ = {
			isa = XCBuildConfiguration;
			buildSettings = {
				ASSETCATALOG_COMPILER_APPICON_NAME = AppIcon;
				ASSETCATALOG_COMPILER_GLOBAL_ACCENT_COLOR_NAME = AccentColor;
				CODE_SIGN_ENTITLEMENTS = ShoppingApp/ShoppingApp.entitlements;
				CODE_SIGN_STYLE = Automatic;
				CURRENT_PROJECT_VERSION = 1;
				DEVELOPMENT_ASSET_PATHS = "\"ShoppingApp/Preview Content\"";
				DEVELOPMENT_TEAM = "";
				ENABLE_HARDENED_RUNTIME = YES;
				ENABLE_PREVIEWS = YES;
				GENERATE_INFOPLIST_FILE = YES;
				"INFOPLIST_KEY_UIApplicationSceneManifest_Generation[sdk=iphoneos*]" = YES;
				"INFOPLIST_KEY_UIApplicationSceneManifest_Generation[sdk=iphonesimulator*]" = YES;
				"INFOPLIST_KEY_UIApplicationSupportsIndirectInputEvents[sdk=iphoneos*]" = YES;
				"INFOPLIST_KEY_UIApplicationSupportsIndirectInputEvents[sdk=iphonesimulator*]" = YES;
				"INFOPLIST_KEY_UILaunchScreen_Generation[sdk=iphoneos*]" = YES;
				"INFOPLIST_KEY_UILaunchScreen_Generation[sdk=iphonesimulator*]" = YES;
				"INFOPLIST_KEY_UIStatusBarStyle[sdk=iphoneos*]" = UIStatusBarStyleDefault;
				"INFOPLIST_KEY_UIStatusBarStyle[sdk=iphonesimulator*]" = UIStatusBarStyleDefault;
				INFOPLIST_KEY_UISupportedInterfaceOrientations_iPad = "UIInterfaceOrientationPortrait UIInterfaceOrientationPortraitUpsideDown UIInterfaceOrientationLandscapeLeft UIInterfaceOrientationLandscapeRight";
				INFOPLIST_KEY_UISupportedInterfaceOrientations_iPhone = "UIInterfaceOrientationPortrait UIInterfaceOrientationLandscapeLeft UIInterfaceOrientationLandscapeRight";
				IPHONEOS_DEPLOYMENT_TARGET = 17.2;
				LD_RUNPATH_SEARCH_PATHS = "@executable_path/Frameworks";
				"LD_RUNPATH_SEARCH_PATHS[sdk=macosx*]" = "@executable_path/../Frameworks";
				MACOSX_DEPLOYMENT_TARGET = 14.2;
				MARKETING_VERSION = 1.0;
				PRODUCT_BUNDLE_IDENTIFIER = ml.ShoppingApp;
				PRODUCT_NAME = "$(TARGET_NAME)";
				SDKROOT = auto;
				SUPPORTED_PLATFORMS = "iphoneos iphonesimulator macosx";
				SWIFT_EMIT_LOC_STRINGS = YES;
				SWIFT_VERSION = 5.0;
				TARGETED_DEVICE_FAMILY = "1,2";
			};
			name = Release;
		};
		3FB235182C13BB5C00E2AAF1 /* Debug */ = {
			isa = XCBuildConfiguration;
			buildSettings = {
				ALWAYS_EMBED_SWIFT_STANDARD_LIBRARIES = YES;
				BUNDLE_LOADER = "$(TEST_HOST)";
				CODE_SIGN_STYLE = Automatic;
				CURRENT_PROJECT_VERSION = 1;
				DEVELOPMENT_TEAM = 7HDZ85FQQT;
				GENERATE_INFOPLIST_FILE = YES;
				IPHONEOS_DEPLOYMENT_TARGET = 17.2;
				MACOSX_DEPLOYMENT_TARGET = 14.2;
				MARKETING_VERSION = 1.0;
				PRODUCT_BUNDLE_IDENTIFIER = ml.ShoppingAppTests;
				PRODUCT_NAME = "$(TARGET_NAME)";
				SDKROOT = auto;
				SUPPORTED_PLATFORMS = "iphoneos iphonesimulator macosx";
				SWIFT_EMIT_LOC_STRINGS = NO;
				SWIFT_VERSION = 5.0;
				TARGETED_DEVICE_FAMILY = "1,2";
				TEST_HOST = "$(BUILT_PRODUCTS_DIR)/ShoppingApp.app/$(BUNDLE_EXECUTABLE_FOLDER_PATH)/ShoppingApp";
			};
			name = Debug;
		};
		3FB235192C13BB5C00E2AAF1 /* Release */ = {
			isa = XCBuildConfiguration;
			buildSettings = {
				ALWAYS_EMBED_SWIFT_STANDARD_LIBRARIES = YES;
				BUNDLE_LOADER = "$(TEST_HOST)";
				CODE_SIGN_STYLE = Automatic;
				CURRENT_PROJECT_VERSION = 1;
				DEVELOPMENT_TEAM = 7HDZ85FQQT;
				GENERATE_INFOPLIST_FILE = YES;
				IPHONEOS_DEPLOYMENT_TARGET = 17.2;
				MACOSX_DEPLOYMENT_TARGET = 14.2;
				MARKETING_VERSION = 1.0;
				PRODUCT_BUNDLE_IDENTIFIER = ml.ShoppingAppTests;
				PRODUCT_NAME = "$(TARGET_NAME)";
				SDKROOT = auto;
				SUPPORTED_PLATFORMS = "iphoneos iphonesimulator macosx";
				SWIFT_EMIT_LOC_STRINGS = NO;
				SWIFT_VERSION = 5.0;
				TARGETED_DEVICE_FAMILY = "1,2";
				TEST_HOST = "$(BUILT_PRODUCTS_DIR)/ShoppingApp.app/$(BUNDLE_EXECUTABLE_FOLDER_PATH)/ShoppingApp";
			};
			name = Release;
		};
		3FB2351B2C13BB5C00E2AAF1 /* Debug */ = {
			isa = XCBuildConfiguration;
			buildSettings = {
				ALWAYS_EMBED_SWIFT_STANDARD_LIBRARIES = YES;
				CODE_SIGN_STYLE = Automatic;
				CURRENT_PROJECT_VERSION = 1;
				DEVELOPMENT_TEAM = 7HDZ85FQQT;
				GENERATE_INFOPLIST_FILE = YES;
				IPHONEOS_DEPLOYMENT_TARGET = 17.2;
				MACOSX_DEPLOYMENT_TARGET = 14.2;
				MARKETING_VERSION = 1.0;
				PRODUCT_BUNDLE_IDENTIFIER = ml.ShoppingAppUITests;
				PRODUCT_NAME = "$(TARGET_NAME)";
				SDKROOT = auto;
				SUPPORTED_PLATFORMS = "iphoneos iphonesimulator macosx";
				SWIFT_EMIT_LOC_STRINGS = NO;
				SWIFT_VERSION = 5.0;
				TARGETED_DEVICE_FAMILY = "1,2";
				TEST_TARGET_NAME = ShoppingApp;
			};
			name = Debug;
		};
		3FB2351C2C13BB5C00E2AAF1 /* Release */ = {
			isa = XCBuildConfiguration;
			buildSettings = {
				ALWAYS_EMBED_SWIFT_STANDARD_LIBRARIES = YES;
				CODE_SIGN_STYLE = Automatic;
				CURRENT_PROJECT_VERSION = 1;
				DEVELOPMENT_TEAM = 7HDZ85FQQT;
				GENERATE_INFOPLIST_FILE = YES;
				IPHONEOS_DEPLOYMENT_TARGET = 17.2;
				MACOSX_DEPLOYMENT_TARGET = 14.2;
				MARKETING_VERSION = 1.0;
				PRODUCT_BUNDLE_IDENTIFIER = ml.ShoppingAppUITests;
				PRODUCT_NAME = "$(TARGET_NAME)";
				SDKROOT = auto;
				SUPPORTED_PLATFORMS = "iphoneos iphonesimulator macosx";
				SWIFT_EMIT_LOC_STRINGS = NO;
				SWIFT_VERSION = 5.0;
				TARGETED_DEVICE_FAMILY = "1,2";
				TEST_TARGET_NAME = ShoppingApp;
			};
			name = Release;
		};
/* End XCBuildConfiguration section */

/* Begin XCConfigurationList section */
		3FB234E52C13BB5A00E2AAF1 /* Build configuration list for PBXProject "ShoppingApp" */ = {
			isa = XCConfigurationList;
			buildConfigurations = (
				3FB235122C13BB5C00E2AAF1 /* Debug */,
				3FB235132C13BB5C00E2AAF1 /* Release */,
			);
			defaultConfigurationIsVisible = 0;
			defaultConfigurationName = Release;
		};
		3FB235142C13BB5C00E2AAF1 /* Build configuration list for PBXNativeTarget "ShoppingApp" */ = {
			isa = XCConfigurationList;
			buildConfigurations = (
				3FB235152C13BB5C00E2AAF1 /* Debug */,
				3FB235162C13BB5C00E2AAF1 /* Release */,
			);
			defaultConfigurationIsVisible = 0;
			defaultConfigurationName = Release;
		};
		3FB235172C13BB5C00E2AAF1 /* Build configuration list for PBXNativeTarget "ShoppingAppTests" */ = {
			isa = XCConfigurationList;
			buildConfigurations = (
				3FB235182C13BB5C00E2AAF1 /* Debug */,
				3FB235192C13BB5C00E2AAF1 /* Release */,
			);
			defaultConfigurationIsVisible = 0;
			defaultConfigurationName = Release;
		};
		3FB2351A2C13BB5C00E2AAF1 /* Build configuration list for PBXNativeTarget "ShoppingAppUITests" */ = {
			isa = XCConfigurationList;
			buildConfigurations = (
				3FB2351B2C13BB5C00E2AAF1 /* Debug */,
				3FB2351C2C13BB5C00E2AAF1 /* Release */,
			);
			defaultConfigurationIsVisible = 0;
			defaultConfigurationName = Release;
		};
/* End XCConfigurationList section */

/* Begin XCVersionGroup section */
		3FB234F12C13BB5A00E2AAF1 /* ShoppingApp.xcdatamodeld */ = {
			isa = XCVersionGroup;
			children = (
				3FB234F22C13BB5A00E2AAF1 /* ShoppingApp.xcdatamodel */,
			);
			currentVersion = 3FB234F22C13BB5A00E2AAF1 /* ShoppingApp.xcdatamodel */;
			path = ShoppingApp.xcdatamodeld;
			sourceTree = "<group>";
			versionGroupType = wrapper.xcdatamodel;
		};
/* End XCVersionGroup section */
	};
	rootObject = 3FB234E22C13BB5A00E2AAF1 /* Project object */;
}
