// !$*UTF8*$!
{
	archiveVersion = 1;
	classes = {
	};
	objectVersion = 56;
	objects = {

/* Begin PBXBuildFile section */
		3F7AA2222C17BD3900C6AA7D /* CartService.swift in Sources */ = {isa = PBXBuildFile; fileRef = 3F7AA2212C17BD3900C6AA7D /* CartService.swift */; };
		3F7AA2252C17C68900C6AA7D /* ShoppingHeader.swift in Sources */ = {isa = PBXBuildFile; fileRef = 3F7AA2242C17C68900C6AA7D /* ShoppingHeader.swift */; };
		3F7AA2272C17C73900C6AA7D /* CategoriesList.swift in Sources */ = {isa = PBXBuildFile; fileRef = 3F7AA2262C17C73900C6AA7D /* CategoriesList.swift */; };
		3F7AA2292C17C9A700C6AA7D /* BannerPromotion.swift in Sources */ = {isa = PBXBuildFile; fileRef = 3F7AA2282C17C9A700C6AA7D /* BannerPromotion.swift */; };
		3F7AA22B2C17CA0400C6AA7D /* ProductDetailView.swift in Sources */ = {isa = PBXBuildFile; fileRef = 3F7AA22A2C17CA0400C6AA7D /* ProductDetailView.swift */; };
		3F7AA22D2C17CAA100C6AA7D /* ProductItem.swift in Sources */ = {isa = PBXBuildFile; fileRef = 3F7AA22C2C17CAA100C6AA7D /* ProductItem.swift */; };
		3F7AA2302C17CB4F00C6AA7D /* Methods.swift in Sources */ = {isa = PBXBuildFile; fileRef = 3F7AA22F2C17CB4F00C6AA7D /* Methods.swift */; };
		3F7AA2322C17F51C00C6AA7D /* CartView.swift in Sources */ = {isa = PBXBuildFile; fileRef = 3F7AA2312C17F51C00C6AA7D /* CartView.swift */; };
		3F7AA2342C17F64500C6AA7D /* CustomBackButton.swift in Sources */ = {isa = PBXBuildFile; fileRef = 3F7AA2332C17F64500C6AA7D /* CustomBackButton.swift */; };
		3F7AA2362C17FF3900C6AA7D /* CartItemView.swift in Sources */ = {isa = PBXBuildFile; fileRef = 3F7AA2352C17FF3900C6AA7D /* CartItemView.swift */; };
		3F7AA2382C180D0E00C6AA7D /* CartIcon.swift in Sources */ = {isa = PBXBuildFile; fileRef = 3F7AA2372C180D0E00C6AA7D /* CartIcon.swift */; };
		3F7AA23A2C18BA0300C6AA7D /* ModuleViewController.swift in Sources */ = {isa = PBXBuildFile; fileRef = 3F7AA2392C18BA0300C6AA7D /* ModuleViewController.swift */; };
		3F7AA23C2C18BC2600C6AA7D /* ModuleViewControllerWrapper.swift in Sources */ = {isa = PBXBuildFile; fileRef = 3F7AA23B2C18BC2600C6AA7D /* ModuleViewControllerWrapper.swift */; };
		3F7AA23E2C18BC9500C6AA7D /* Module.storyboard in Resources */ = {isa = PBXBuildFile; fileRef = 3F7AA23D2C18BC9500C6AA7D /* Module.storyboard */; };
		3FB234EE2C13BB5A00E2AAF1 /* ShoppingApp.swift in Sources */ = {isa = PBXBuildFile; fileRef = 3FB234ED2C13BB5A00E2AAF1 /* ShoppingApp.swift */; };
		3FB234F32C13BB5A00E2AAF1 /* ShoppingApp.xcdatamodeld in Sources */ = {isa = PBXBuildFile; fileRef = 3FB234F12C13BB5A00E2AAF1 /* ShoppingApp.xcdatamodeld */; };
		3FB234F52C13BB5A00E2AAF1 /* ProductsView.swift in Sources */ = {isa = PBXBuildFile; fileRef = 3FB234F42C13BB5A00E2AAF1 /* ProductsView.swift */; };
		3FB234F72C13BB5B00E2AAF1 /* Assets.xcassets in Resources */ = {isa = PBXBuildFile; fileRef = 3FB234F62C13BB5B00E2AAF1 /* Assets.xcassets */; };
		3FB234FB2C13BB5B00E2AAF1 /* Preview Assets.xcassets in Resources */ = {isa = PBXBuildFile; fileRef = 3FB234FA2C13BB5B00E2AAF1 /* Preview Assets.xcassets */; };
		3FB235052C13BB5C00E2AAF1 /* ShoppingAppTests.swift in Sources */ = {isa = PBXBuildFile; fileRef = 3FB235042C13BB5C00E2AAF1 /* ShoppingAppTests.swift */; };
		3FB2350F2C13BB5C00E2AAF1 /* ShoppingAppUITests.swift in Sources */ = {isa = PBXBuildFile; fileRef = 3FB2350E2C13BB5C00E2AAF1 /* ShoppingAppUITests.swift */; };
		3FB235112C13BB5C00E2AAF1 /* ShoppingAppUITestsLaunchTests.swift in Sources */ = {isa = PBXBuildFile; fileRef = 3FB235102C13BB5C00E2AAF1 /* ShoppingAppUITestsLaunchTests.swift */; };
		3FB235232C15F54300E2AAF1 /* ShoppingService.swift in Sources */ = {isa = PBXBuildFile; fileRef = 3FB235222C15F54300E2AAF1 /* ShoppingService.swift */; };
		3FB235292C16093D00E2AAF1 /* Product.swift in Sources */ = {isa = PBXBuildFile; fileRef = 3FB235282C16093D00E2AAF1 /* Product.swift */; };
		3FB2352C2C1626BC00E2AAF1 /* constants.swift in Sources */ = {isa = PBXBuildFile; fileRef = 3FB2352B2C1626BC00E2AAF1 /* constants.swift */; };
		3FDA48892C166B9000EA4A1D /* LaunchView.storyboard in Resources */ = {isa = PBXBuildFile; fileRef = 3FDA48882C166B9000EA4A1D /* LaunchView.storyboard */; };
		46FAE1DB2A21FA4614FC3E02 /* libPods-ShoppingApp-ShoppingAppTests.a in Frameworks */ = {isa = PBXBuildFile; fileRef = C8044F539DC759C57B13DCF4 /* libPods-ShoppingApp-ShoppingAppTests.a */; };
		69C71081843F5E6358A2FAF2 /* libPods-ShoppingApp.a in Frameworks */ = {isa = PBXBuildFile; fileRef = 3B748FC1BB0B90145B6EC95A /* libPods-ShoppingApp.a */; };
		A7264287962B5CD415461355 /* PrivacyInfo.xcprivacy in Resources */ = {isa = PBXBuildFile; fileRef = 84265438F840CA3C41E5761C /* PrivacyInfo.xcprivacy */; };
/* End PBXBuildFile section */

/* Begin PBXContainerItemProxy section */
		3FB235012C13BB5C00E2AAF1 /* PBXContainerItemProxy */ = {
			isa = PBXContainerItemProxy;
			containerPortal = 3FB234E22C13BB5A00E2AAF1 /* Project object */;
			proxyType = 1;
			remoteGlobalIDString = 3FB234E92C13BB5A00E2AAF1;
			remoteInfo = ShoppingApp;
		};
		3FB2350B2C13BB5C00E2AAF1 /* PBXContainerItemProxy */ = {
			isa = PBXContainerItemProxy;
			containerPortal = 3FB234E22C13BB5A00E2AAF1 /* Project object */;
			proxyType = 1;
			remoteGlobalIDString = 3FB234E92C13BB5A00E2AAF1;
			remoteInfo = ShoppingApp;
		};
/* End PBXContainerItemProxy section */

/* Begin PBXFileReference section */
		39D7045491DD6BF329A3DF78 /* Pods-ShoppingApp-ShoppingAppTests.release.xcconfig */ = {isa = PBXFileReference; includeInIndex = 1; lastKnownFileType = text.xcconfig; name = "Pods-ShoppingApp-ShoppingAppTests.release.xcconfig"; path = "Target Support Files/Pods-ShoppingApp-ShoppingAppTests/Pods-ShoppingApp-ShoppingAppTests.release.xcconfig"; sourceTree = "<group>"; };
		3B748FC1BB0B90145B6EC95A /* libPods-ShoppingApp.a */ = {isa = PBXFileReference; explicitFileType = archive.ar; includeInIndex = 0; path = "libPods-ShoppingApp.a"; sourceTree = BUILT_PRODUCTS_DIR; };
		3F7AA2212C17BD3900C6AA7D /* CartService.swift */ = {isa = PBXFileReference; lastKnownFileType = sourcecode.swift; path = CartService.swift; sourceTree = "<group>"; };
		3F7AA2242C17C68900C6AA7D /* ShoppingHeader.swift */ = {isa = PBXFileReference; lastKnownFileType = sourcecode.swift; path = ShoppingHeader.swift; sourceTree = "<group>"; };
		3F7AA2262C17C73900C6AA7D /* CategoriesList.swift */ = {isa = PBXFileReference; lastKnownFileType = sourcecode.swift; path = CategoriesList.swift; sourceTree = "<group>"; };
		3F7AA2282C17C9A700C6AA7D /* BannerPromotion.swift */ = {isa = PBXFileReference; lastKnownFileType = sourcecode.swift; path = BannerPromotion.swift; sourceTree = "<group>"; };
		3F7AA22A2C17CA0400C6AA7D /* ProductDetailView.swift */ = {isa = PBXFileReference; lastKnownFileType = sourcecode.swift; path = ProductDetailView.swift; sourceTree = "<group>"; };
		3F7AA22C2C17CAA100C6AA7D /* ProductItem.swift */ = {isa = PBXFileReference; lastKnownFileType = sourcecode.swift; path = ProductItem.swift; sourceTree = "<group>"; };
		3F7AA22F2C17CB4F00C6AA7D /* Methods.swift */ = {isa = PBXFileReference; lastKnownFileType = sourcecode.swift; path = Methods.swift; sourceTree = "<group>"; };
		3F7AA2312C17F51C00C6AA7D /* CartView.swift */ = {isa = PBXFileReference; lastKnownFileType = sourcecode.swift; path = CartView.swift; sourceTree = "<group>"; };
		3F7AA2332C17F64500C6AA7D /* CustomBackButton.swift */ = {isa = PBXFileReference; lastKnownFileType = sourcecode.swift; path = CustomBackButton.swift; sourceTree = "<group>"; };
		3F7AA2352C17FF3900C6AA7D /* CartItemView.swift */ = {isa = PBXFileReference; lastKnownFileType = sourcecode.swift; path = CartItemView.swift; sourceTree = "<group>"; };
		3F7AA2372C180D0E00C6AA7D /* CartIcon.swift */ = {isa = PBXFileReference; lastKnownFileType = sourcecode.swift; path = CartIcon.swift; sourceTree = "<group>"; };
		3F7AA2392C18BA0300C6AA7D /* ModuleViewController.swift */ = {isa = PBXFileReference; lastKnownFileType = sourcecode.swift; path = ModuleViewController.swift; sourceTree = "<group>"; };
		3F7AA23B2C18BC2600C6AA7D /* ModuleViewControllerWrapper.swift */ = {isa = PBXFileReference; lastKnownFileType = sourcecode.swift; path = ModuleViewControllerWrapper.swift; sourceTree = "<group>"; };
		3F7AA23D2C18BC9500C6AA7D /* Module.storyboard */ = {isa = PBXFileReference; lastKnownFileType = file.storyboard; path = Module.storyboard; sourceTree = "<group>"; };
		3F7AA2412C190DFE00C6AA7D /* ShoppingApp-Bridging-Header.h */ = {isa = PBXFileReference; lastKnownFileType = sourcecode.c.h; path = "ShoppingApp-Bridging-Header.h"; sourceTree = "<group>"; };
		3FB234EA2C13BB5A00E2AAF1 /* ShoppingApp.app */ = {isa = PBXFileReference; explicitFileType = wrapper.application; includeInIndex = 0; path = ShoppingApp.app; sourceTree = BUILT_PRODUCTS_DIR; };
		3FB234ED2C13BB5A00E2AAF1 /* ShoppingApp.swift */ = {isa = PBXFileReference; lastKnownFileType = sourcecode.swift; path = ShoppingApp.swift; sourceTree = "<group>"; };
		3FB234F22C13BB5A00E2AAF1 /* ShoppingApp.xcdatamodel */ = {isa = PBXFileReference; lastKnownFileType = wrapper.xcdatamodel; path = ShoppingApp.xcdatamodel; sourceTree = "<group>"; };
		3FB234F42C13BB5A00E2AAF1 /* ProductsView.swift */ = {isa = PBXFileReference; lastKnownFileType = sourcecode.swift; path = ProductsView.swift; sourceTree = "<group>"; };
		3FB234F62C13BB5B00E2AAF1 /* Assets.xcassets */ = {isa = PBXFileReference; lastKnownFileType = folder.assetcatalog; path = Assets.xcassets; sourceTree = "<group>"; };
		3FB234F82C13BB5B00E2AAF1 /* ShoppingApp.entitlements */ = {isa = PBXFileReference; lastKnownFileType = text.plist.entitlements; path = ShoppingApp.entitlements; sourceTree = "<group>"; };
		3FB234FA2C13BB5B00E2AAF1 /* Preview Assets.xcassets */ = {isa = PBXFileReference; lastKnownFileType = folder.assetcatalog; path = "Preview Assets.xcassets"; sourceTree = "<group>"; };
		3FB235002C13BB5C00E2AAF1 /* ShoppingAppTests.xctest */ = {isa = PBXFileReference; explicitFileType = wrapper.cfbundle; includeInIndex = 0; path = ShoppingAppTests.xctest; sourceTree = BUILT_PRODUCTS_DIR; };
		3FB235042C13BB5C00E2AAF1 /* ShoppingAppTests.swift */ = {isa = PBXFileReference; lastKnownFileType = sourcecode.swift; path = ShoppingAppTests.swift; sourceTree = "<group>"; };
		3FB2350A2C13BB5C00E2AAF1 /* ShoppingAppUITests.xctest */ = {isa = PBXFileReference; explicitFileType = wrapper.cfbundle; includeInIndex = 0; path = ShoppingAppUITests.xctest; sourceTree = BUILT_PRODUCTS_DIR; };
		3FB2350E2C13BB5C00E2AAF1 /* ShoppingAppUITests.swift */ = {isa = PBXFileReference; lastKnownFileType = sourcecode.swift; path = ShoppingAppUITests.swift; sourceTree = "<group>"; };
		3FB235102C13BB5C00E2AAF1 /* ShoppingAppUITestsLaunchTests.swift */ = {isa = PBXFileReference; lastKnownFileType = sourcecode.swift; path = ShoppingAppUITestsLaunchTests.swift; sourceTree = "<group>"; };
		3FB235222C15F54300E2AAF1 /* ShoppingService.swift */ = {isa = PBXFileReference; lastKnownFileType = sourcecode.swift; path = ShoppingService.swift; sourceTree = "<group>"; };
		3FB235282C16093D00E2AAF1 /* Product.swift */ = {isa = PBXFileReference; lastKnownFileType = sourcecode.swift; path = Product.swift; sourceTree = "<group>"; };
		3FB2352B2C1626BC00E2AAF1 /* constants.swift */ = {isa = PBXFileReference; lastKnownFileType = sourcecode.swift; path = constants.swift; sourceTree = "<group>"; };
		3FDA48882C166B9000EA4A1D /* LaunchView.storyboard */ = {isa = PBXFileReference; lastKnownFileType = file.storyboard; path = LaunchView.storyboard; sourceTree = "<group>"; };
		472C2A7BCF5C4E0831B371A3 /* Pods-ShoppingApp-ShoppingAppTests.debug.xcconfig */ = {isa = PBXFileReference; includeInIndex = 1; lastKnownFileType = text.xcconfig; name = "Pods-ShoppingApp-ShoppingAppTests.debug.xcconfig"; path = "Target Support Files/Pods-ShoppingApp-ShoppingAppTests/Pods-ShoppingApp-ShoppingAppTests.debug.xcconfig"; sourceTree = "<group>"; };
		84265438F840CA3C41E5761C /* PrivacyInfo.xcprivacy */ = {isa = PBXFileReference; includeInIndex = 1; lastKnownFileType = text.xml; name = PrivacyInfo.xcprivacy; path = ../PrivacyInfo.xcprivacy; sourceTree = "<group>"; };
		AAA3726B74CE091F60A025C5 /* Pods-ShoppingApp.debug.xcconfig */ = {isa = PBXFileReference; includeInIndex = 1; lastKnownFileType = text.xcconfig; name = "Pods-ShoppingApp.debug.xcconfig"; path = "Target Support Files/Pods-ShoppingApp/Pods-ShoppingApp.debug.xcconfig"; sourceTree = "<group>"; };
		C8044F539DC759C57B13DCF4 /* libPods-ShoppingApp-ShoppingAppTests.a */ = {isa = PBXFileReference; explicitFileType = archive.ar; includeInIndex = 0; path = "libPods-ShoppingApp-ShoppingAppTests.a"; sourceTree = BUILT_PRODUCTS_DIR; };
		FD7F8BDD55EBEAD43437F809 /* Pods-ShoppingApp.release.xcconfig */ = {isa = PBXFileReference; includeInIndex = 1; lastKnownFileType = text.xcconfig; name = "Pods-ShoppingApp.release.xcconfig"; path = "Target Support Files/Pods-ShoppingApp/Pods-ShoppingApp.release.xcconfig"; sourceTree = "<group>"; };
/* End PBXFileReference section */

/* Begin PBXFrameworksBuildPhase section */
		3FB234E72C13BB5A00E2AAF1 /* Frameworks */ = {
			isa = PBXFrameworksBuildPhase;
			buildActionMask = 2147483647;
			files = (
				69C71081843F5E6358A2FAF2 /* libPods-ShoppingApp.a in Frameworks */,
			);
			runOnlyForDeploymentPostprocessing = 0;
		};
		3FB234FD2C13BB5C00E2AAF1 /* Frameworks */ = {
			isa = PBXFrameworksBuildPhase;
			buildActionMask = 2147483647;
			files = (
				46FAE1DB2A21FA4614FC3E02 /* libPods-ShoppingApp-ShoppingAppTests.a in Frameworks */,
			);
			runOnlyForDeploymentPostprocessing = 0;
		};
		3FB235072C13BB5C00E2AAF1 /* Frameworks */ = {
			isa = PBXFrameworksBuildPhase;
			buildActionMask = 2147483647;
			files = (
			);
			runOnlyForDeploymentPostprocessing = 0;
		};
/* End PBXFrameworksBuildPhase section */

/* Begin PBXGroup section */
		37E60EE294656A6F85AF93D7 /* Pods */ = {
			isa = PBXGroup;
			children = (
				AAA3726B74CE091F60A025C5 /* Pods-ShoppingApp.debug.xcconfig */,
				FD7F8BDD55EBEAD43437F809 /* Pods-ShoppingApp.release.xcconfig */,
				472C2A7BCF5C4E0831B371A3 /* Pods-ShoppingApp-ShoppingAppTests.debug.xcconfig */,
				39D7045491DD6BF329A3DF78 /* Pods-ShoppingApp-ShoppingAppTests.release.xcconfig */,
			);
			path = Pods;
			sourceTree = "<group>";
		};
		3F7AA2232C17C65800C6AA7D /* components */ = {
			isa = PBXGroup;
			children = (
				3F7AA2242C17C68900C6AA7D /* ShoppingHeader.swift */,
				3F7AA2262C17C73900C6AA7D /* CategoriesList.swift */,
				3F7AA2282C17C9A700C6AA7D /* BannerPromotion.swift */,
				3F7AA22C2C17CAA100C6AA7D /* ProductItem.swift */,
				3F7AA2332C17F64500C6AA7D /* CustomBackButton.swift */,
				3F7AA2352C17FF3900C6AA7D /* CartItemView.swift */,
				3F7AA2372C180D0E00C6AA7D /* CartIcon.swift */,
			);
			path = components;
			sourceTree = "<group>";
		};
		3F7AA22E2C17CB2700C6AA7D /* utils */ = {
			isa = PBXGroup;
			children = (
				3F7AA22F2C17CB4F00C6AA7D /* Methods.swift */,
			);
			path = utils;
			sourceTree = "<group>";
		};
		3FB234E12C13BB5A00E2AAF1 = {
			isa = PBXGroup;
			children = (
				3FB234EC2C13BB5A00E2AAF1 /* ShoppingApp */,
				3FB235032C13BB5C00E2AAF1 /* ShoppingAppTests */,
				3FB2350D2C13BB5C00E2AAF1 /* ShoppingAppUITests */,
				3FB234EB2C13BB5A00E2AAF1 /* Products */,
				37E60EE294656A6F85AF93D7 /* Pods */,
				CAE71FA8366CE1BD1D43C689 /* Frameworks */,
			);
			sourceTree = "<group>";
		};
		3FB234EB2C13BB5A00E2AAF1 /* Products */ = {
			isa = PBXGroup;
			children = (
				3FB234EA2C13BB5A00E2AAF1 /* ShoppingApp.app */,
				3FB235002C13BB5C00E2AAF1 /* ShoppingAppTests.xctest */,
				3FB2350A2C13BB5C00E2AAF1 /* ShoppingAppUITests.xctest */,
			);
			name = Products;
			sourceTree = "<group>";
		};
		3FB234EC2C13BB5A00E2AAF1 /* ShoppingApp */ = {
			isa = PBXGroup;
			children = (
				3F7AA22E2C17CB2700C6AA7D /* utils */,
				3F7AA2232C17C65800C6AA7D /* components */,
				3FDA48872C166A1C00EA4A1D /* views */,
				3FB2352A2C1626AD00E2AAF1 /* config */,
				3FB235272C16093300E2AAF1 /* types */,
				3FB235212C15F53700E2AAF1 /* services */,
				3FB234ED2C13BB5A00E2AAF1 /* ShoppingApp.swift */,
				3F7AA2412C190DFE00C6AA7D /* ShoppingApp-Bridging-Header.h */,
				3FB234F62C13BB5B00E2AAF1 /* Assets.xcassets */,
				3FB234F82C13BB5B00E2AAF1 /* ShoppingApp.entitlements */,
				3FB234F12C13BB5A00E2AAF1 /* ShoppingApp.xcdatamodeld */,
				3FB234F92C13BB5B00E2AAF1 /* Preview Content */,
				84265438F840CA3C41E5761C /* PrivacyInfo.xcprivacy */,
			);
			path = ShoppingApp;
			sourceTree = "<group>";
		};
		3FB234F92C13BB5B00E2AAF1 /* Preview Content */ = {
			isa = PBXGroup;
			children = (
				3FB234FA2C13BB5B00E2AAF1 /* Preview Assets.xcassets */,
			);
			path = "Preview Content";
			sourceTree = "<group>";
		};
		3FB235032C13BB5C00E2AAF1 /* ShoppingAppTests */ = {
			isa = PBXGroup;
			children = (
				3FB235042C13BB5C00E2AAF1 /* ShoppingAppTests.swift */,
			);
			path = ShoppingAppTests;
			sourceTree = "<group>";
		};
		3FB2350D2C13BB5C00E2AAF1 /* ShoppingAppUITests */ = {
			isa = PBXGroup;
			children = (
				3FB2350E2C13BB5C00E2AAF1 /* ShoppingAppUITests.swift */,
				3FB235102C13BB5C00E2AAF1 /* ShoppingAppUITestsLaunchTests.swift */,
			);
			path = ShoppingAppUITests;
			sourceTree = "<group>";
		};
		3FB235212C15F53700E2AAF1 /* services */ = {
			isa = PBXGroup;
			children = (
				3FB235222C15F54300E2AAF1 /* ShoppingService.swift */,
				3F7AA2212C17BD3900C6AA7D /* CartService.swift */,
			);
			path = services;
			sourceTree = "<group>";
		};
		3FB235272C16093300E2AAF1 /* types */ = {
			isa = PBXGroup;
			children = (
				3FB235282C16093D00E2AAF1 /* Product.swift */,
			);
			path = types;
			sourceTree = "<group>";
		};
		3FB2352A2C1626AD00E2AAF1 /* config */ = {
			isa = PBXGroup;
			children = (
				3FB2352B2C1626BC00E2AAF1 /* constants.swift */,
			);
			path = config;
			sourceTree = "<group>";
		};
		3FDA48872C166A1C00EA4A1D /* views */ = {
			isa = PBXGroup;
			children = (
				3FB234F42C13BB5A00E2AAF1 /* ProductsView.swift */,
				3FDA48882C166B9000EA4A1D /* LaunchView.storyboard */,
				3F7AA22A2C17CA0400C6AA7D /* ProductDetailView.swift */,
				3F7AA2312C17F51C00C6AA7D /* CartView.swift */,
				3F7AA2392C18BA0300C6AA7D /* ModuleViewController.swift */,
				3F7AA23B2C18BC2600C6AA7D /* ModuleViewControllerWrapper.swift */,
				3F7AA23D2C18BC9500C6AA7D /* Module.storyboard */,
			);
			path = views;
			sourceTree = "<group>";
		};
		CAE71FA8366CE1BD1D43C689 /* Frameworks */ = {
			isa = PBXGroup;
			children = (
				3B748FC1BB0B90145B6EC95A /* libPods-ShoppingApp.a */,
				C8044F539DC759C57B13DCF4 /* libPods-ShoppingApp-ShoppingAppTests.a */,
			);
			name = Frameworks;
			sourceTree = "<group>";
		};
/* End PBXGroup section */

/* Begin PBXNativeTarget section */
		3FB234E92C13BB5A00E2AAF1 /* ShoppingApp */ = {
			isa = PBXNativeTarget;
			buildConfigurationList = 3FB235142C13BB5C00E2AAF1 /* Build configuration list for PBXNativeTarget "ShoppingApp" */;
			buildPhases = (
				2F196B78B6E0BD4C974B8FF6 /* [CP] Check Pods Manifest.lock */,
				3FB234E62C13BB5A00E2AAF1 /* Sources */,
				3FB234E72C13BB5A00E2AAF1 /* Frameworks */,
				3FB234E82C13BB5A00E2AAF1 /* Resources */,
				6D6D6808BF88F6323947FE4D /* [CP] Embed Pods Frameworks */,
				8E6DE501A7D0487F62F162E0 /* [CP] Copy Pods Resources */,
			);
			buildRules = (
			);
			dependencies = (
			);
			name = ShoppingApp;
			productName = ShoppingApp;
			productReference = 3FB234EA2C13BB5A00E2AAF1 /* ShoppingApp.app */;
			productType = "com.apple.product-type.application";
		};
		3FB234FF2C13BB5C00E2AAF1 /* ShoppingAppTests */ = {
			isa = PBXNativeTarget;
			buildConfigurationList = 3FB235172C13BB5C00E2AAF1 /* Build configuration list for PBXNativeTarget "ShoppingAppTests" */;
			buildPhases = (
				6AC5224A25498412D98E8929 /* [CP] Check Pods Manifest.lock */,
				3FB234FC2C13BB5C00E2AAF1 /* Sources */,
				3FB234FD2C13BB5C00E2AAF1 /* Frameworks */,
				3FB234FE2C13BB5C00E2AAF1 /* Resources */,
				3340E352AFCCFFFDC541F82A /* [CP] Embed Pods Frameworks */,
				8F0E95D899939D58E8AB7023 /* [CP] Copy Pods Resources */,
			);
			buildRules = (
			);
			dependencies = (
				3FB235022C13BB5C00E2AAF1 /* PBXTargetDependency */,
			);
			name = ShoppingAppTests;
			productName = ShoppingAppTests;
			productReference = 3FB235002C13BB5C00E2AAF1 /* ShoppingAppTests.xctest */;
			productType = "com.apple.product-type.bundle.unit-test";
		};
		3FB235092C13BB5C00E2AAF1 /* ShoppingAppUITests */ = {
			isa = PBXNativeTarget;
			buildConfigurationList = 3FB2351A2C13BB5C00E2AAF1 /* Build configuration list for PBXNativeTarget "ShoppingAppUITests" */;
			buildPhases = (
				3FB235062C13BB5C00E2AAF1 /* Sources */,
				3FB235072C13BB5C00E2AAF1 /* Frameworks */,
				3FB235082C13BB5C00E2AAF1 /* Resources */,
			);
			buildRules = (
			);
			dependencies = (
				3FB2350C2C13BB5C00E2AAF1 /* PBXTargetDependency */,
			);
			name = ShoppingAppUITests;
			productName = ShoppingAppUITests;
			productReference = 3FB2350A2C13BB5C00E2AAF1 /* ShoppingAppUITests.xctest */;
			productType = "com.apple.product-type.bundle.ui-testing";
		};
/* End PBXNativeTarget section */

/* Begin PBXProject section */
		3FB234E22C13BB5A00E2AAF1 /* Project object */ = {
			isa = PBXProject;
			attributes = {
				BuildIndependentTargetsInParallel = 1;
				LastSwiftUpdateCheck = 1520;
				LastUpgradeCheck = 1520;
				TargetAttributes = {
					3FB234E92C13BB5A00E2AAF1 = {
						CreatedOnToolsVersion = 15.2;
					};
					3FB234FF2C13BB5C00E2AAF1 = {
						CreatedOnToolsVersion = 15.2;
						TestTargetID = 3FB234E92C13BB5A00E2AAF1;
					};
					3FB235092C13BB5C00E2AAF1 = {
						CreatedOnToolsVersion = 15.2;
						TestTargetID = 3FB234E92C13BB5A00E2AAF1;
					};
				};
			};
			buildConfigurationList = 3FB234E52C13BB5A00E2AAF1 /* Build configuration list for PBXProject "ShoppingApp" */;
			compatibilityVersion = "Xcode 14.0";
			developmentRegion = en;
			hasScannedForEncodings = 0;
			knownRegions = (
				en,
				Base,
			);
			mainGroup = 3FB234E12C13BB5A00E2AAF1;
			productRefGroup = 3FB234EB2C13BB5A00E2AAF1 /* Products */;
			projectDirPath = "";
			projectRoot = "";
			targets = (
				3FB234E92C13BB5A00E2AAF1 /* ShoppingApp */,
				3FB234FF2C13BB5C00E2AAF1 /* ShoppingAppTests */,
				3FB235092C13BB5C00E2AAF1 /* ShoppingAppUITests */,
			);
		};
/* End PBXProject section */

/* Begin PBXResourcesBuildPhase section */
		3FB234E82C13BB5A00E2AAF1 /* Resources */ = {
			isa = PBXResourcesBuildPhase;
			buildActionMask = 2147483647;
			files = (
				3FDA48892C166B9000EA4A1D /* LaunchView.storyboard in Resources */,
				3FB234FB2C13BB5B00E2AAF1 /* Preview Assets.xcassets in Resources */,
				3F7AA23E2C18BC9500C6AA7D /* Module.storyboard in Resources */,
				3FB234F72C13BB5B00E2AAF1 /* Assets.xcassets in Resources */,
				A7264287962B5CD415461355 /* PrivacyInfo.xcprivacy in Resources */,
			);
			runOnlyForDeploymentPostprocessing = 0;
		};
		3FB234FE2C13BB5C00E2AAF1 /* Resources */ = {
			isa = PBXResourcesBuildPhase;
			buildActionMask = 2147483647;
			files = (
			);
			runOnlyForDeploymentPostprocessing = 0;
		};
		3FB235082C13BB5C00E2AAF1 /* Resources */ = {
			isa = PBXResourcesBuildPhase;
			buildActionMask = 2147483647;
			files = (
			);
			runOnlyForDeploymentPostprocessing = 0;
		};
/* End PBXResourcesBuildPhase section */

/* Begin PBXShellScriptBuildPhase section */
		2F196B78B6E0BD4C974B8FF6 /* [CP] Check Pods Manifest.lock */ = {
			isa = PBXShellScriptBuildPhase;
			buildActionMask = 2147483647;
			files = (
			);
			inputFileListPaths = (
			);
			inputPaths = (
				"${PODS_PODFILE_DIR_PATH}/Podfile.lock",
				"${PODS_ROOT}/Manifest.lock",
			);
			name = "[CP] Check Pods Manifest.lock";
			outputFileListPaths = (
			);
			outputPaths = (
				"$(DERIVED_FILE_DIR)/Pods-ShoppingApp-checkManifestLockResult.txt",
			);
			runOnlyForDeploymentPostprocessing = 0;
			shellPath = /bin/sh;
			shellScript = "diff \"${PODS_PODFILE_DIR_PATH}/Podfile.lock\" \"${PODS_ROOT}/Manifest.lock\" > /dev/null\nif [ $? != 0 ] ; then\n    # print error to STDERR\n    echo \"error: The sandbox is not in sync with the Podfile.lock. Run 'pod install' or update your CocoaPods installation.\" >&2\n    exit 1\nfi\n# This output is used by Xcode 'outputs' to avoid re-running this script phase.\necho \"SUCCESS\" > \"${SCRIPT_OUTPUT_FILE_0}\"\n";
			showEnvVarsInLog = 0;
		};
		3340E352AFCCFFFDC541F82A /* [CP] Embed Pods Frameworks */ = {
			isa = PBXShellScriptBuildPhase;
			buildActionMask = 2147483647;
			files = (
			);
			inputFileListPaths = (
				"${PODS_ROOT}/Target Support Files/Pods-ShoppingApp-ShoppingAppTests/Pods-ShoppingApp-ShoppingAppTests-frameworks-${CONFIGURATION}-input-files.xcfilelist",
			);
			name = "[CP] Embed Pods Frameworks";
			outputFileListPaths = (
				"${PODS_ROOT}/Target Support Files/Pods-ShoppingApp-ShoppingAppTests/Pods-ShoppingApp-ShoppingAppTests-frameworks-${CONFIGURATION}-output-files.xcfilelist",
			);
			runOnlyForDeploymentPostprocessing = 0;
			shellPath = /bin/sh;
			shellScript = "\"${PODS_ROOT}/Target Support Files/Pods-ShoppingApp-ShoppingAppTests/Pods-ShoppingApp-ShoppingAppTests-frameworks.sh\"\n";
			showEnvVarsInLog = 0;
		};
		6AC5224A25498412D98E8929 /* [CP] Check Pods Manifest.lock */ = {
			isa = PBXShellScriptBuildPhase;
			buildActionMask = 2147483647;
			files = (
			);
			inputFileListPaths = (
			);
			inputPaths = (
				"${PODS_PODFILE_DIR_PATH}/Podfile.lock",
				"${PODS_ROOT}/Manifest.lock",
			);
			name = "[CP] Check Pods Manifest.lock";
			outputFileListPaths = (
			);
			outputPaths = (
				"$(DERIVED_FILE_DIR)/Pods-ShoppingApp-ShoppingAppTests-checkManifestLockResult.txt",
			);
			runOnlyForDeploymentPostprocessing = 0;
			shellPath = /bin/sh;
			shellScript = "diff \"${PODS_PODFILE_DIR_PATH}/Podfile.lock\" \"${PODS_ROOT}/Manifest.lock\" > /dev/null\nif [ $? != 0 ] ; then\n    # print error to STDERR\n    echo \"error: The sandbox is not in sync with the Podfile.lock. Run 'pod install' or update your CocoaPods installation.\" >&2\n    exit 1\nfi\n# This output is used by Xcode 'outputs' to avoid re-running this script phase.\necho \"SUCCESS\" > \"${SCRIPT_OUTPUT_FILE_0}\"\n";
			showEnvVarsInLog = 0;
		};
		6D6D6808BF88F6323947FE4D /* [CP] Embed Pods Frameworks */ = {
			isa = PBXShellScriptBuildPhase;
			buildActionMask = 2147483647;
			files = (
			);
			inputFileListPaths = (
				"${PODS_ROOT}/Target Support Files/Pods-ShoppingApp/Pods-ShoppingApp-frameworks-${CONFIGURATION}-input-files.xcfilelist",
			);
			name = "[CP] Embed Pods Frameworks";
			outputFileListPaths = (
				"${PODS_ROOT}/Target Support Files/Pods-ShoppingApp/Pods-ShoppingApp-frameworks-${CONFIGURATION}-output-files.xcfilelist",
			);
			runOnlyForDeploymentPostprocessing = 0;
			shellPath = /bin/sh;
			shellScript = "\"${PODS_ROOT}/Target Support Files/Pods-ShoppingApp/Pods-ShoppingApp-frameworks.sh\"\n";
			showEnvVarsInLog = 0;
		};
		8E6DE501A7D0487F62F162E0 /* [CP] Copy Pods Resources */ = {
			isa = PBXShellScriptBuildPhase;
			buildActionMask = 2147483647;
			files = (
			);
			inputFileListPaths = (
				"${PODS_ROOT}/Target Support Files/Pods-ShoppingApp/Pods-ShoppingApp-resources-${CONFIGURATION}-input-files.xcfilelist",
			);
			name = "[CP] Copy Pods Resources";
			outputFileListPaths = (
				"${PODS_ROOT}/Target Support Files/Pods-ShoppingApp/Pods-ShoppingApp-resources-${CONFIGURATION}-output-files.xcfilelist",
			);
			runOnlyForDeploymentPostprocessing = 0;
			shellPath = /bin/sh;
			shellScript = "\"${PODS_ROOT}/Target Support Files/Pods-ShoppingApp/Pods-ShoppingApp-resources.sh\"\n";
			showEnvVarsInLog = 0;
		};
		8F0E95D899939D58E8AB7023 /* [CP] Copy Pods Resources */ = {
			isa = PBXShellScriptBuildPhase;
			buildActionMask = 2147483647;
			files = (
			);
			inputFileListPaths = (
				"${PODS_ROOT}/Target Support Files/Pods-ShoppingApp-ShoppingAppTests/Pods-ShoppingApp-ShoppingAppTests-resources-${CONFIGURATION}-input-files.xcfilelist",
			);
			name = "[CP] Copy Pods Resources";
			outputFileListPaths = (
				"${PODS_ROOT}/Target Support Files/Pods-ShoppingApp-ShoppingAppTests/Pods-ShoppingApp-ShoppingAppTests-resources-${CONFIGURATION}-output-files.xcfilelist",
			);
			runOnlyForDeploymentPostprocessing = 0;
			shellPath = /bin/sh;
			shellScript = "\"${PODS_ROOT}/Target Support Files/Pods-ShoppingApp-ShoppingAppTests/Pods-ShoppingApp-ShoppingAppTests-resources.sh\"\n";
			showEnvVarsInLog = 0;
		};
/* End PBXShellScriptBuildPhase section */

/* Begin PBXSourcesBuildPhase section */
		3FB234E62C13BB5A00E2AAF1 /* Sources */ = {
			isa = PBXSourcesBuildPhase;
			buildActionMask = 2147483647;
			files = (
				3F7AA22D2C17CAA100C6AA7D /* ProductItem.swift in Sources */,
				3F7AA23C2C18BC2600C6AA7D /* ModuleViewControllerWrapper.swift in Sources */,
				3F7AA2362C17FF3900C6AA7D /* CartItemView.swift in Sources */,
				3F7AA23A2C18BA0300C6AA7D /* ModuleViewController.swift in Sources */,
				3F7AA2252C17C68900C6AA7D /* ShoppingHeader.swift in Sources */,
				3F7AA2222C17BD3900C6AA7D /* CartService.swift in Sources */,
				3F7AA22B2C17CA0400C6AA7D /* ProductDetailView.swift in Sources */,
				3FB234EE2C13BB5A00E2AAF1 /* ShoppingApp.swift in Sources */,
				3F7AA2382C180D0E00C6AA7D /* CartIcon.swift in Sources */,
				3FB234F32C13BB5A00E2AAF1 /* ShoppingApp.xcdatamodeld in Sources */,
				3F7AA2342C17F64500C6AA7D /* CustomBackButton.swift in Sources */,
				3FB234F52C13BB5A00E2AAF1 /* ProductsView.swift in Sources */,
				3FB2352C2C1626BC00E2AAF1 /* constants.swift in Sources */,
				3F7AA2322C17F51C00C6AA7D /* CartView.swift in Sources */,
				3F7AA2272C17C73900C6AA7D /* CategoriesList.swift in Sources */,
				3FB235232C15F54300E2AAF1 /* ShoppingService.swift in Sources */,
				3FB235292C16093D00E2AAF1 /* Product.swift in Sources */,
				3F7AA2302C17CB4F00C6AA7D /* Methods.swift in Sources */,
				3F7AA2292C17C9A700C6AA7D /* BannerPromotion.swift in Sources */,
			);
			runOnlyForDeploymentPostprocessing = 0;
		};
		3FB234FC2C13BB5C00E2AAF1 /* Sources */ = {
			isa = PBXSourcesBuildPhase;
			buildActionMask = 2147483647;
			files = (
				3FB235052C13BB5C00E2AAF1 /* ShoppingAppTests.swift in Sources */,
			);
			runOnlyForDeploymentPostprocessing = 0;
		};
		3FB235062C13BB5C00E2AAF1 /* Sources */ = {
			isa = PBXSourcesBuildPhase;
			buildActionMask = 2147483647;
			files = (
				3FB235112C13BB5C00E2AAF1 /* ShoppingAppUITestsLaunchTests.swift in Sources */,
				3FB2350F2C13BB5C00E2AAF1 /* ShoppingAppUITests.swift in Sources */,
			);
			runOnlyForDeploymentPostprocessing = 0;
		};
/* End PBXSourcesBuildPhase section */

/* Begin PBXTargetDependency section */
		3FB235022C13BB5C00E2AAF1 /* PBXTargetDependency */ = {
			isa = PBXTargetDependency;
			target = 3FB234E92C13BB5A00E2AAF1 /* ShoppingApp */;
			targetProxy = 3FB235012C13BB5C00E2AAF1 /* PBXContainerItemProxy */;
		};
		3FB2350C2C13BB5C00E2AAF1 /* PBXTargetDependency */ = {
			isa = PBXTargetDependency;
			target = 3FB234E92C13BB5A00E2AAF1 /* ShoppingApp */;
			targetProxy = 3FB2350B2C13BB5C00E2AAF1 /* PBXContainerItemProxy */;
		};
/* End PBXTargetDependency section */

/* Begin XCBuildConfiguration section */
		3FB235122C13BB5C00E2AAF1 /* Debug */ = {
			isa = XCBuildConfiguration;
			buildSettings = {
				ALWAYS_SEARCH_USER_PATHS = NO;
				ASSETCATALOG_COMPILER_GENERATE_SWIFT_ASSET_SYMBOL_EXTENSIONS = YES;
				CC = "";
				CLANG_ANALYZER_NONNULL = YES;
				CLANG_ANALYZER_NUMBER_OBJECT_CONVERSION = YES_AGGRESSIVE;
				CLANG_CXX_LANGUAGE_STANDARD = "c++20";
				CLANG_ENABLE_MODULES = YES;
				CLANG_ENABLE_OBJC_ARC = YES;
				CLANG_ENABLE_OBJC_WEAK = YES;
				CLANG_WARN_BLOCK_CAPTURE_AUTORELEASING = YES;
				CLANG_WARN_BOOL_CONVERSION = YES;
				CLANG_WARN_COMMA = YES;
				CLANG_WARN_CONSTANT_CONVERSION = YES;
				CLANG_WARN_DEPRECATED_OBJC_IMPLEMENTATIONS = YES;
				CLANG_WARN_DIRECT_OBJC_ISA_USAGE = YES_ERROR;
				CLANG_WARN_DOCUMENTATION_COMMENTS = YES;
				CLANG_WARN_EMPTY_BODY = YES;
				CLANG_WARN_ENUM_CONVERSION = YES;
				CLANG_WARN_INFINITE_RECURSION = YES;
				CLANG_WARN_INT_CONVERSION = YES;
				CLANG_WARN_NON_LITERAL_NULL_CONVERSION = YES;
				CLANG_WARN_OBJC_IMPLICIT_RETAIN_SELF = YES;
				CLANG_WARN_OBJC_LITERAL_CONVERSION = YES;
				CLANG_WARN_OBJC_ROOT_CLASS = YES_ERROR;
				CLANG_WARN_QUOTED_INCLUDE_IN_FRAMEWORK_HEADER = YES;
				CLANG_WARN_RANGE_LOOP_ANALYSIS = YES;
				CLANG_WARN_STRICT_PROTOTYPES = YES;
				CLANG_WARN_SUSPICIOUS_MOVE = YES;
				CLANG_WARN_UNGUARDED_AVAILABILITY = YES_AGGRESSIVE;
				CLANG_WARN_UNREACHABLE_CODE = YES;
				CLANG_WARN__DUPLICATE_METHOD_MATCH = YES;
				COPY_PHASE_STRIP = NO;
				CXX = "";
				DEBUG_INFORMATION_FORMAT = dwarf;
				ENABLE_STRICT_OBJC_MSGSEND = YES;
				ENABLE_TESTABILITY = YES;
				ENABLE_USER_SCRIPT_SANDBOXING = NO;
				GCC_C_LANGUAGE_STANDARD = gnu17;
				GCC_DYNAMIC_NO_PIC = NO;
				GCC_NO_COMMON_BLOCKS = YES;
				GCC_OPTIMIZATION_LEVEL = 0;
				GCC_PREPROCESSOR_DEFINITIONS = (
					"DEBUG=1",
					"$(inherited)",
				);
				GCC_WARN_64_TO_32_BIT_CONVERSION = YES;
				GCC_WARN_ABOUT_RETURN_TYPE = YES_ERROR;
				GCC_WARN_UNDECLARED_SELECTOR = YES;
				GCC_WARN_UNINITIALIZED_AUTOS = YES_AGGRESSIVE;
				GCC_WARN_UNUSED_FUNCTION = YES;
				GCC_WARN_UNUSED_VARIABLE = YES;
				LD = "";
				LDPLUSPLUS = "";
				LOCALIZATION_PREFERS_STRING_CATALOGS = YES;
				MTL_ENABLE_DEBUG_INFO = INCLUDE_SOURCE;
				MTL_FAST_MATH = YES;
				ONLY_ACTIVE_ARCH = YES;
				OTHER_LDFLAGS = "$(inherited)  ";
				REACT_NATIVE_PATH = "${PODS_ROOT}/../../node_modules/react-native";
				SWIFT_ACTIVE_COMPILATION_CONDITIONS = "DEBUG $(inherited)";
				SWIFT_OPTIMIZATION_LEVEL = "-Onone";
				USE_HERMES = true;
			};
			name = Debug;
		};
		3FB235132C13BB5C00E2AAF1 /* Release */ = {
			isa = XCBuildConfiguration;
			buildSettings = {
				ALWAYS_SEARCH_USER_PATHS = NO;
				ASSETCATALOG_COMPILER_GENERATE_SWIFT_ASSET_SYMBOL_EXTENSIONS = YES;
				CC = "";
				CLANG_ANALYZER_NONNULL = YES;
				CLANG_ANALYZER_NUMBER_OBJECT_CONVERSION = YES_AGGRESSIVE;
				CLANG_CXX_LANGUAGE_STANDARD = "c++20";
				CLANG_ENABLE_MODULES = YES;
				CLANG_ENABLE_OBJC_ARC = YES;
				CLANG_ENABLE_OBJC_WEAK = YES;
				CLANG_WARN_BLOCK_CAPTURE_AUTORELEASING = YES;
				CLANG_WARN_BOOL_CONVERSION = YES;
				CLANG_WARN_COMMA = YES;
				CLANG_WARN_CONSTANT_CONVERSION = YES;
				CLANG_WARN_DEPRECATED_OBJC_IMPLEMENTATIONS = YES;
				CLANG_WARN_DIRECT_OBJC_ISA_USAGE = YES_ERROR;
				CLANG_WARN_DOCUMENTATION_COMMENTS = YES;
				CLANG_WARN_EMPTY_BODY = YES;
				CLANG_WARN_ENUM_CONVERSION = YES;
				CLANG_WARN_INFINITE_RECURSION = YES;
				CLANG_WARN_INT_CONVERSION = YES;
				CLANG_WARN_NON_LITERAL_NULL_CONVERSION = YES;
				CLANG_WARN_OBJC_IMPLICIT_RETAIN_SELF = YES;
				CLANG_WARN_OBJC_LITERAL_CONVERSION = YES;
				CLANG_WARN_OBJC_ROOT_CLASS = YES_ERROR;
				CLANG_WARN_QUOTED_INCLUDE_IN_FRAMEWORK_HEADER = YES;
				CLANG_WARN_RANGE_LOOP_ANALYSIS = YES;
				CLANG_WARN_STRICT_PROTOTYPES = YES;
				CLANG_WARN_SUSPICIOUS_MOVE = YES;
				CLANG_WARN_UNGUARDED_AVAILABILITY = YES_AGGRESSIVE;
				CLANG_WARN_UNREACHABLE_CODE = YES;
				CLANG_WARN__DUPLICATE_METHOD_MATCH = YES;
				COPY_PHASE_STRIP = NO;
				CXX = "";
				DEBUG_INFORMATION_FORMAT = "dwarf-with-dsym";
				ENABLE_NS_ASSERTIONS = NO;
				ENABLE_STRICT_OBJC_MSGSEND = YES;
				ENABLE_USER_SCRIPT_SANDBOXING = NO;
				GCC_C_LANGUAGE_STANDARD = gnu17;
				GCC_NO_COMMON_BLOCKS = YES;
				GCC_WARN_64_TO_32_BIT_CONVERSION = YES;
				GCC_WARN_ABOUT_RETURN_TYPE = YES_ERROR;
				GCC_WARN_UNDECLARED_SELECTOR = YES;
				GCC_WARN_UNINITIALIZED_AUTOS = YES_AGGRESSIVE;
				GCC_WARN_UNUSED_FUNCTION = YES;
				GCC_WARN_UNUSED_VARIABLE = YES;
				LD = "";
				LDPLUSPLUS = "";
				LOCALIZATION_PREFERS_STRING_CATALOGS = YES;
				MTL_ENABLE_DEBUG_INFO = NO;
				MTL_FAST_MATH = YES;
				OTHER_LDFLAGS = "$(inherited)  ";
				REACT_NATIVE_PATH = "${PODS_ROOT}/../../node_modules/react-native";
				SWIFT_COMPILATION_MODE = wholemodule;
				USE_HERMES = true;
			};
			name = Release;
		};
		3FB235152C13BB5C00E2AAF1 /* Debug */ = {
			isa = XCBuildConfiguration;
			baseConfigurationReference = AAA3726B74CE091F60A025C5 /* Pods-ShoppingApp.debug.xcconfig */;
			buildSettings = {
				ASSETCATALOG_COMPILER_APPICON_NAME = AppIcon;
				ASSETCATALOG_COMPILER_GLOBAL_ACCENT_COLOR_NAME = AccentColor;
				CODE_SIGN_ENTITLEMENTS = ShoppingApp/ShoppingApp.entitlements;
				CODE_SIGN_STYLE = Automatic;
				CURRENT_PROJECT_VERSION = 1;
				DEVELOPMENT_ASSET_PATHS = "\"ShoppingApp/Preview Content\"";
				DEVELOPMENT_TEAM = "";
				ENABLE_HARDENED_RUNTIME = YES;
				ENABLE_PREVIEWS = YES;
				GENERATE_INFOPLIST_FILE = YES;
				"INFOPLIST_KEY_UIApplicationSceneManifest_Generation[sdk=iphoneos*]" = YES;
				"INFOPLIST_KEY_UIApplicationSceneManifest_Generation[sdk=iphonesimulator*]" = YES;
				"INFOPLIST_KEY_UIApplicationSupportsIndirectInputEvents[sdk=iphoneos*]" = YES;
				"INFOPLIST_KEY_UIApplicationSupportsIndirectInputEvents[sdk=iphonesimulator*]" = YES;
				"INFOPLIST_KEY_UILaunchScreen_Generation[sdk=iphoneos*]" = YES;
				"INFOPLIST_KEY_UILaunchScreen_Generation[sdk=iphonesimulator*]" = YES;
				INFOPLIST_KEY_UILaunchStoryboardName = LaunchView.storyboard;
				"INFOPLIST_KEY_UIStatusBarStyle[sdk=iphoneos*]" = UIStatusBarStyleDefault;
				"INFOPLIST_KEY_UIStatusBarStyle[sdk=iphonesimulator*]" = UIStatusBarStyleDefault;
				INFOPLIST_KEY_UISupportedInterfaceOrientations_iPad = "UIInterfaceOrientationPortrait UIInterfaceOrientationPortraitUpsideDown UIInterfaceOrientationLandscapeLeft UIInterfaceOrientationLandscapeRight";
				INFOPLIST_KEY_UISupportedInterfaceOrientations_iPhone = "UIInterfaceOrientationPortrait UIInterfaceOrientationLandscapeLeft UIInterfaceOrientationLandscapeRight";
				IPHONEOS_DEPLOYMENT_TARGET = 17.0;
				LD_RUNPATH_SEARCH_PATHS = "@executable_path/Frameworks";
				"LD_RUNPATH_SEARCH_PATHS[sdk=macosx*]" = "@executable_path/../Frameworks";
				MACOSX_DEPLOYMENT_TARGET = 14.2;
				MARKETING_VERSION = 1.0;
				PRODUCT_BUNDLE_IDENTIFIER = ml.ShoppingApp;
				PRODUCT_NAME = "$(TARGET_NAME)";
				SDKROOT = auto;
				SUPPORTED_PLATFORMS = "iphoneos iphonesimulator macosx";
				SWIFT_EMIT_LOC_STRINGS = YES;
				SWIFT_VERSION = 5.0;
				TARGETED_DEVICE_FAMILY = "1,2";
			};
			name = Debug;
		};
		3FB235162C13BB5C00E2AAF1 /* Release */ = {
			isa = XCBuildConfiguration;
			baseConfigurationReference = FD7F8BDD55EBEAD43437F809 /* Pods-ShoppingApp.release.xcconfig */;
			buildSettings = {
				ASSETCATALOG_COMPILER_APPICON_NAME = AppIcon;
				ASSETCATALOG_COMPILER_GLOBAL_ACCENT_COLOR_NAME = AccentColor;
				CODE_SIGN_ENTITLEMENTS = ShoppingApp/ShoppingApp.entitlements;
				CODE_SIGN_STYLE = Automatic;
				CURRENT_PROJECT_VERSION = 1;
				DEVELOPMENT_ASSET_PATHS = "\"ShoppingApp/Preview Content\"";
				DEVELOPMENT_TEAM = "";
				ENABLE_HARDENED_RUNTIME = YES;
				ENABLE_PREVIEWS = YES;
				GENERATE_INFOPLIST_FILE = YES;
				"INFOPLIST_KEY_UIApplicationSceneManifest_Generation[sdk=iphoneos*]" = YES;
				"INFOPLIST_KEY_UIApplicationSceneManifest_Generation[sdk=iphonesimulator*]" = YES;
				"INFOPLIST_KEY_UIApplicationSupportsIndirectInputEvents[sdk=iphoneos*]" = YES;
				"INFOPLIST_KEY_UIApplicationSupportsIndirectInputEvents[sdk=iphonesimulator*]" = YES;
				"INFOPLIST_KEY_UILaunchScreen_Generation[sdk=iphoneos*]" = YES;
				"INFOPLIST_KEY_UILaunchScreen_Generation[sdk=iphonesimulator*]" = YES;
				INFOPLIST_KEY_UILaunchStoryboardName = LaunchView.storyboard;
				"INFOPLIST_KEY_UIStatusBarStyle[sdk=iphoneos*]" = UIStatusBarStyleDefault;
				"INFOPLIST_KEY_UIStatusBarStyle[sdk=iphonesimulator*]" = UIStatusBarStyleDefault;
				INFOPLIST_KEY_UISupportedInterfaceOrientations_iPad = "UIInterfaceOrientationPortrait UIInterfaceOrientationPortraitUpsideDown UIInterfaceOrientationLandscapeLeft UIInterfaceOrientationLandscapeRight";
				INFOPLIST_KEY_UISupportedInterfaceOrientations_iPhone = "UIInterfaceOrientationPortrait UIInterfaceOrientationLandscapeLeft UIInterfaceOrientationLandscapeRight";
				IPHONEOS_DEPLOYMENT_TARGET = 17.0;
				LD_RUNPATH_SEARCH_PATHS = "@executable_path/Frameworks";
				"LD_RUNPATH_SEARCH_PATHS[sdk=macosx*]" = "@executable_path/../Frameworks";
				MACOSX_DEPLOYMENT_TARGET = 14.2;
				MARKETING_VERSION = 1.0;
				PRODUCT_BUNDLE_IDENTIFIER = ml.ShoppingApp;
				PRODUCT_NAME = "$(TARGET_NAME)";
				SDKROOT = auto;
				SUPPORTED_PLATFORMS = "iphoneos iphonesimulator macosx";
				SWIFT_EMIT_LOC_STRINGS = YES;
				SWIFT_VERSION = 5.0;
				TARGETED_DEVICE_FAMILY = "1,2";
			};
			name = Release;
		};
		3FB235182C13BB5C00E2AAF1 /* Debug */ = {
			isa = XCBuildConfiguration;
			baseConfigurationReference = 472C2A7BCF5C4E0831B371A3 /* Pods-ShoppingApp-ShoppingAppTests.debug.xcconfig */;
			buildSettings = {
				ALWAYS_EMBED_SWIFT_STANDARD_LIBRARIES = YES;
				BUNDLE_LOADER = "$(TEST_HOST)";
				CODE_SIGN_STYLE = Automatic;
				CURRENT_PROJECT_VERSION = 1;
				DEVELOPMENT_TEAM = 7HDZ85FQQT;
				GENERATE_INFOPLIST_FILE = YES;
				IPHONEOS_DEPLOYMENT_TARGET = 17.2;
				MACOSX_DEPLOYMENT_TARGET = 14.2;
				MARKETING_VERSION = 1.0;
				PRODUCT_BUNDLE_IDENTIFIER = ml.ShoppingAppTests;
				PRODUCT_NAME = "$(TARGET_NAME)";
				SDKROOT = auto;
				SUPPORTED_PLATFORMS = "iphoneos iphonesimulator macosx";
				SWIFT_EMIT_LOC_STRINGS = NO;
				SWIFT_VERSION = 5.0;
				TARGETED_DEVICE_FAMILY = "1,2";
				TEST_HOST = "$(BUILT_PRODUCTS_DIR)/ShoppingApp.app/$(BUNDLE_EXECUTABLE_FOLDER_PATH)/ShoppingApp";
			};
			name = Debug;
		};
		3FB235192C13BB5C00E2AAF1 /* Release */ = {
			isa = XCBuildConfiguration;
			baseConfigurationReference = 39D7045491DD6BF329A3DF78 /* Pods-ShoppingApp-ShoppingAppTests.release.xcconfig */;
			buildSettings = {
				ALWAYS_EMBED_SWIFT_STANDARD_LIBRARIES = YES;
				BUNDLE_LOADER = "$(TEST_HOST)";
				CODE_SIGN_STYLE = Automatic;
				CURRENT_PROJECT_VERSION = 1;
				DEVELOPMENT_TEAM = 7HDZ85FQQT;
				GENERATE_INFOPLIST_FILE = YES;
				IPHONEOS_DEPLOYMENT_TARGET = 17.2;
				MACOSX_DEPLOYMENT_TARGET = 14.2;
				MARKETING_VERSION = 1.0;
				PRODUCT_BUNDLE_IDENTIFIER = ml.ShoppingAppTests;
				PRODUCT_NAME = "$(TARGET_NAME)";
				SDKROOT = auto;
				SUPPORTED_PLATFORMS = "iphoneos iphonesimulator macosx";
				SWIFT_EMIT_LOC_STRINGS = NO;
				SWIFT_VERSION = 5.0;
				TARGETED_DEVICE_FAMILY = "1,2";
				TEST_HOST = "$(BUILT_PRODUCTS_DIR)/ShoppingApp.app/$(BUNDLE_EXECUTABLE_FOLDER_PATH)/ShoppingApp";
			};
			name = Release;
		};
		3FB2351B2C13BB5C00E2AAF1 /* Debug */ = {
			isa = XCBuildConfiguration;
			buildSettings = {
				ALWAYS_EMBED_SWIFT_STANDARD_LIBRARIES = YES;
				CODE_SIGN_STYLE = Automatic;
				CURRENT_PROJECT_VERSION = 1;
				DEVELOPMENT_TEAM = 7HDZ85FQQT;
				GENERATE_INFOPLIST_FILE = YES;
				IPHONEOS_DEPLOYMENT_TARGET = 17.2;
				MACOSX_DEPLOYMENT_TARGET = 14.2;
				MARKETING_VERSION = 1.0;
				PRODUCT_BUNDLE_IDENTIFIER = ml.ShoppingAppUITests;
				PRODUCT_NAME = "$(TARGET_NAME)";
				SDKROOT = auto;
				SUPPORTED_PLATFORMS = "iphoneos iphonesimulator macosx";
				SWIFT_EMIT_LOC_STRINGS = NO;
				SWIFT_VERSION = 5.0;
				TARGETED_DEVICE_FAMILY = "1,2";
				TEST_TARGET_NAME = ShoppingApp;
			};
			name = Debug;
		};
		3FB2351C2C13BB5C00E2AAF1 /* Release */ = {
			isa = XCBuildConfiguration;
			buildSettings = {
				ALWAYS_EMBED_SWIFT_STANDARD_LIBRARIES = YES;
				CODE_SIGN_STYLE = Automatic;
				CURRENT_PROJECT_VERSION = 1;
				DEVELOPMENT_TEAM = 7HDZ85FQQT;
				GENERATE_INFOPLIST_FILE = YES;
				IPHONEOS_DEPLOYMENT_TARGET = 17.2;
				MACOSX_DEPLOYMENT_TARGET = 14.2;
				MARKETING_VERSION = 1.0;
				PRODUCT_BUNDLE_IDENTIFIER = ml.ShoppingAppUITests;
				PRODUCT_NAME = "$(TARGET_NAME)";
				SDKROOT = auto;
				SUPPORTED_PLATFORMS = "iphoneos iphonesimulator macosx";
				SWIFT_EMIT_LOC_STRINGS = NO;
				SWIFT_VERSION = 5.0;
				TARGETED_DEVICE_FAMILY = "1,2";
				TEST_TARGET_NAME = ShoppingApp;
			};
			name = Release;
		};
/* End XCBuildConfiguration section */

/* Begin XCConfigurationList section */
		3FB234E52C13BB5A00E2AAF1 /* Build configuration list for PBXProject "ShoppingApp" */ = {
			isa = XCConfigurationList;
			buildConfigurations = (
				3FB235122C13BB5C00E2AAF1 /* Debug */,
				3FB235132C13BB5C00E2AAF1 /* Release */,
			);
			defaultConfigurationIsVisible = 0;
			defaultConfigurationName = Release;
		};
		3FB235142C13BB5C00E2AAF1 /* Build configuration list for PBXNativeTarget "ShoppingApp" */ = {
			isa = XCConfigurationList;
			buildConfigurations = (
				3FB235152C13BB5C00E2AAF1 /* Debug */,
				3FB235162C13BB5C00E2AAF1 /* Release */,
			);
			defaultConfigurationIsVisible = 0;
			defaultConfigurationName = Release;
		};
		3FB235172C13BB5C00E2AAF1 /* Build configuration list for PBXNativeTarget "ShoppingAppTests" */ = {
			isa = XCConfigurationList;
			buildConfigurations = (
				3FB235182C13BB5C00E2AAF1 /* Debug */,
				3FB235192C13BB5C00E2AAF1 /* Release */,
			);
			defaultConfigurationIsVisible = 0;
			defaultConfigurationName = Release;
		};
		3FB2351A2C13BB5C00E2AAF1 /* Build configuration list for PBXNativeTarget "ShoppingAppUITests" */ = {
			isa = XCConfigurationList;
			buildConfigurations = (
				3FB2351B2C13BB5C00E2AAF1 /* Debug */,
				3FB2351C2C13BB5C00E2AAF1 /* Release */,
			);
			defaultConfigurationIsVisible = 0;
			defaultConfigurationName = Release;
		};
/* End XCConfigurationList section */

/* Begin XCVersionGroup section */
		3FB234F12C13BB5A00E2AAF1 /* ShoppingApp.xcdatamodeld */ = {
			isa = XCVersionGroup;
			children = (
				3FB234F22C13BB5A00E2AAF1 /* ShoppingApp.xcdatamodel */,
			);
			currentVersion = 3FB234F22C13BB5A00E2AAF1 /* ShoppingApp.xcdatamodel */;
			path = ShoppingApp.xcdatamodeld;
			sourceTree = "<group>";
			versionGroupType = wrapper.xcdatamodel;
		};
/* End XCVersionGroup section */
	};
	rootObject = 3FB234E22C13BB5A00E2AAF1 /* Project object */;
}
